// !$*UTF8*$!
{
	archiveVersion = 1;
	classes = {
	};
	objectVersion = 50;
	objects = {

/* Begin PBXBuildFile section */
		C9278B8B24B79F580078784C /* LocalFeedImageDataFromCacheUseCaseTests.swift in Sources */ = {isa = PBXBuildFile; fileRef = C9278B8A24B79F580078784C /* LocalFeedImageDataFromCacheUseCaseTests.swift */; };
		C930DD0624A3EAC400E2E922 /* FeedUIIntegrationTests.swift in Sources */ = {isa = PBXBuildFile; fileRef = C930DD0524A3EAC400E2E922 /* FeedUIIntegrationTests.swift */; };
		C930DD0824A3EDD300E2E922 /* EssentialFeed.framework in Frameworks */ = {isa = PBXBuildFile; fileRef = C9ECACBB23AE670B00BD3E83 /* EssentialFeed.framework */; };
		C930DD0924A3EDD300E2E922 /* EssentialFeed.framework in Embed Frameworks */ = {isa = PBXBuildFile; fileRef = C9ECACBB23AE670B00BD3E83 /* EssentialFeed.framework */; settings = {ATTRIBUTES = (CodeSignOnCopy, RemoveHeadersOnCopy, ); }; };
		C930DD0D24A3EEF000E2E922 /* XCTestCase+MemoryLeakTrackingHelper.swift in Sources */ = {isa = PBXBuildFile; fileRef = C993BCF623B13BCE0060DAB8 /* XCTestCase+MemoryLeakTrackingHelper.swift */; };
		C930DD0F24A3FA0600E2E922 /* FeedTableViewController.swift in Sources */ = {isa = PBXBuildFile; fileRef = C930DD0E24A3FA0600E2E922 /* FeedTableViewController.swift */; };
		C97C0F3723B8F57E00EDF0B6 /* FeedStoreTestSpecs.swift in Sources */ = {isa = PBXBuildFile; fileRef = C97C0F3623B8F57E00EDF0B6 /* FeedStoreTestSpecs.swift */; };
		C97C0F3A23B8FA5700EDF0B6 /* XCTestCase+FeedStoreTestSpecs.swift in Sources */ = {isa = PBXBuildFile; fileRef = C97C0F3923B8FA5700EDF0B6 /* XCTestCase+FeedStoreTestSpecs.swift */; };
		C97C0F3C23B9010F00EDF0B6 /* XCTestCase+FailableRetrieveFeedStoreTestSpecs.swift in Sources */ = {isa = PBXBuildFile; fileRef = C97C0F3B23B9010F00EDF0B6 /* XCTestCase+FailableRetrieveFeedStoreTestSpecs.swift */; };
		C97C0F3E23B9026E00EDF0B6 /* XCTestCase+FailableInsertFeedStoreTestSpecs.swift in Sources */ = {isa = PBXBuildFile; fileRef = C97C0F3D23B9026E00EDF0B6 /* XCTestCase+FailableInsertFeedStoreTestSpecs.swift */; };
		C97C0F4023B9038600EDF0B6 /* XCTestCase+FailableDeleteFeedStoreTestSpecs.swift in Sources */ = {isa = PBXBuildFile; fileRef = C97C0F3F23B9038600EDF0B6 /* XCTestCase+FailableDeleteFeedStoreTestSpecs.swift */; };
		C97DCE5B24AD03D300B15F76 /* FeedImageDataLoader.swift in Sources */ = {isa = PBXBuildFile; fileRef = C988692724A79446004C01F8 /* FeedImageDataLoader.swift */; };
		C97DCE5D24AD070D00B15F76 /* LoadFeedImageDataFromRemoteUseCaseTests.swift in Sources */ = {isa = PBXBuildFile; fileRef = C97DCE5C24AD070D00B15F76 /* LoadFeedImageDataFromRemoteUseCaseTests.swift */; };
		C980835424A935D800941C21 /* MainQueueDispatchDecorator.swift in Sources */ = {isa = PBXBuildFile; fileRef = C980835324A935D800941C21 /* MainQueueDispatchDecorator.swift */; };
		C980835E24A937C100941C21 /* WeakReferenceVirtualProxy.swift in Sources */ = {isa = PBXBuildFile; fileRef = C980835D24A937C100941C21 /* WeakReferenceVirtualProxy.swift */; };
		C980836024A9381300941C21 /* FeedLoaderPresentationAdapter.swift in Sources */ = {isa = PBXBuildFile; fileRef = C980835F24A9381300941C21 /* FeedLoaderPresentationAdapter.swift */; };
		C980836224A938CC00941C21 /* FeedImageDataLoaderPresentationAdapter.swift in Sources */ = {isa = PBXBuildFile; fileRef = C980836124A938CC00941C21 /* FeedImageDataLoaderPresentationAdapter.swift */; };
		C980836424A9390E00941C21 /* FeedViewAdapter.swift in Sources */ = {isa = PBXBuildFile; fileRef = C980836324A9390E00941C21 /* FeedViewAdapter.swift */; };
		C980836B24A946D900941C21 /* UIControl+TestHelpers.swift in Sources */ = {isa = PBXBuildFile; fileRef = C980836A24A946D900941C21 /* UIControl+TestHelpers.swift */; };
		C988692424A5334B004C01F8 /* FeedImageTableViewCell.swift in Sources */ = {isa = PBXBuildFile; fileRef = C988692324A5334B004C01F8 /* FeedImageTableViewCell.swift */; };
		C988692624A54F55004C01F8 /* UIView+Shimmering.swift in Sources */ = {isa = PBXBuildFile; fileRef = C988692524A54F55004C01F8 /* UIView+Shimmering.swift */; };
		C988693024A79AD2004C01F8 /* FeedImageCellController.swift in Sources */ = {isa = PBXBuildFile; fileRef = C988692F24A79AD2004C01F8 /* FeedImageCellController.swift */; };
		C988693324A79E5A004C01F8 /* FeedUIComposer.swift in Sources */ = {isa = PBXBuildFile; fileRef = C988693224A79E5A004C01F8 /* FeedUIComposer.swift */; };
		C988693B24A8C169004C01F8 /* Feed.storyboard in Resources */ = {isa = PBXBuildFile; fileRef = C988693A24A8C169004C01F8 /* Feed.storyboard */; };
		C988693D24A8C1D4004C01F8 /* Feed.xcassets in Resources */ = {isa = PBXBuildFile; fileRef = C988693C24A8C1D4004C01F8 /* Feed.xcassets */; };
		C988693F24A8CD39004C01F8 /* UITableView+Dequeueing.swift in Sources */ = {isa = PBXBuildFile; fileRef = C988693E24A8CD39004C01F8 /* UITableView+Dequeueing.swift */; };
		C988694124A8D4A4004C01F8 /* UIImageView+Animations.swift in Sources */ = {isa = PBXBuildFile; fileRef = C988694024A8D4A4004C01F8 /* UIImageView+Animations.swift */; };
		C988694524A8E195004C01F8 /* FeedUIIntegrationTests+Localization.swift in Sources */ = {isa = PBXBuildFile; fileRef = C988694424A8E195004C01F8 /* FeedUIIntegrationTests+Localization.swift */; };
		C988694924A8E32C004C01F8 /* UIImage+TestHelpers.swift in Sources */ = {isa = PBXBuildFile; fileRef = C988694824A8E32C004C01F8 /* UIImage+TestHelpers.swift */; };
		C988694B24A8E39F004C01F8 /* UIRefreshControl+TestHelpers.swift in Sources */ = {isa = PBXBuildFile; fileRef = C988694A24A8E39F004C01F8 /* UIRefreshControl+TestHelpers.swift */; };
		C988694D24A8E3C8004C01F8 /* UIButton+TestHelpers.swift in Sources */ = {isa = PBXBuildFile; fileRef = C988694C24A8E3C8004C01F8 /* UIButton+TestHelpers.swift */; };
		C988694F24A8E402004C01F8 /* FeedTableViewCell+TestHelpers.swift in Sources */ = {isa = PBXBuildFile; fileRef = C988694E24A8E402004C01F8 /* FeedTableViewCell+TestHelpers.swift */; };
		C988695124A8E432004C01F8 /* FeedTableViewController+TestHelpers.swift in Sources */ = {isa = PBXBuildFile; fileRef = C988695024A8E432004C01F8 /* FeedTableViewController+TestHelpers.swift */; };
		C988695324A8E4A4004C01F8 /* FeedUIIntegrationTest+LoaderSpy.swift in Sources */ = {isa = PBXBuildFile; fileRef = C988695224A8E4A4004C01F8 /* FeedUIIntegrationTest+LoaderSpy.swift */; };
		C988695524A8E592004C01F8 /* FeedUIIntegrationTests+Assertions.swift in Sources */ = {isa = PBXBuildFile; fileRef = C988695424A8E592004C01F8 /* FeedUIIntegrationTests+Assertions.swift */; };
		C993BCEF23B0E2CD0060DAB8 /* HTTPClient.swift in Sources */ = {isa = PBXBuildFile; fileRef = C993BCEE23B0E2CD0060DAB8 /* HTTPClient.swift */; };
		C993BCF123B0E30D0060DAB8 /* FeedItemsMapper.swift in Sources */ = {isa = PBXBuildFile; fileRef = C993BCF023B0E30D0060DAB8 /* FeedItemsMapper.swift */; };
		C993BCF423B106270060DAB8 /* URLSessionHTTPClientTests.swift in Sources */ = {isa = PBXBuildFile; fileRef = C993BCF323B106270060DAB8 /* URLSessionHTTPClientTests.swift */; };
		C993BCF723B13BCE0060DAB8 /* XCTestCase+MemoryLeakTrackingHelper.swift in Sources */ = {isa = PBXBuildFile; fileRef = C993BCF623B13BCE0060DAB8 /* XCTestCase+MemoryLeakTrackingHelper.swift */; };
		C9B1A6FC24B769C900997611 /* HTTPClientSpy.swift in Sources */ = {isa = PBXBuildFile; fileRef = C9B1A6FB24B769C900997611 /* HTTPClientSpy.swift */; };
		C9B1A6FE24B76B9400997611 /* RemoteFeedImageDataLoader.swift in Sources */ = {isa = PBXBuildFile; fileRef = C9B1A6FD24B76B9400997611 /* RemoteFeedImageDataLoader.swift */; };
		C9B1A70124B7745800997611 /* HTTPURLResponse+StatusCode.swift in Sources */ = {isa = PBXBuildFile; fileRef = C9B1A70024B7745800997611 /* HTTPURLResponse+StatusCode.swift */; };
		C9B1A70324B7758F00997611 /* URLProtocolStub.swift in Sources */ = {isa = PBXBuildFile; fileRef = C9B1A70224B7758F00997611 /* URLProtocolStub.swift */; };
		C9B1A70524B7C4DB00997611 /* FeedImageDataStore.swift in Sources */ = {isa = PBXBuildFile; fileRef = C9B1A70424B7C4DB00997611 /* FeedImageDataStore.swift */; };
		C9B1A70724B7C51900997611 /* LocalFeedImageDataLoader.swift in Sources */ = {isa = PBXBuildFile; fileRef = C9B1A70624B7C51900997611 /* LocalFeedImageDataLoader.swift */; };
		C9C549FF24ABC7E200D272D7 /* ErrorView.swift in Sources */ = {isa = PBXBuildFile; fileRef = C9C549FE24ABC7E200D272D7 /* ErrorView.swift */; };
		C9C8D0262427688900BF34E0 /* ManagedCache.swift in Sources */ = {isa = PBXBuildFile; fileRef = C9C8D0202427688900BF34E0 /* ManagedCache.swift */; };
		C9C8D0272427688900BF34E0 /* CoreDataFeedStore.swift in Sources */ = {isa = PBXBuildFile; fileRef = C9C8D0212427688900BF34E0 /* CoreDataFeedStore.swift */; };
		C9C8D0282427688900BF34E0 /* CoreDataHelpers.swift in Sources */ = {isa = PBXBuildFile; fileRef = C9C8D0222427688900BF34E0 /* CoreDataHelpers.swift */; };
		C9C8D0292427688900BF34E0 /* ManagedFeedImage.swift in Sources */ = {isa = PBXBuildFile; fileRef = C9C8D0232427688900BF34E0 /* ManagedFeedImage.swift */; };
		C9C8D02A2427688900BF34E0 /* CoreDataFeedStore.xcdatamodeld in Sources */ = {isa = PBXBuildFile; fileRef = C9C8D0242427688900BF34E0 /* CoreDataFeedStore.xcdatamodeld */; };
		C9C8D02C2427912D00BF34E0 /* CoreDataFeedStoreTests.swift in Sources */ = {isa = PBXBuildFile; fileRef = C9C8D02B2427912D00BF34E0 /* CoreDataFeedStoreTests.swift */; };
		C9C8D0342427973200BF34E0 /* EssentialFeedCacheIntegrationTests.swift in Sources */ = {isa = PBXBuildFile; fileRef = C9C8D0332427973200BF34E0 /* EssentialFeedCacheIntegrationTests.swift */; };
		C9C8D0362427973200BF34E0 /* EssentialFeed.framework in Frameworks */ = {isa = PBXBuildFile; fileRef = C9ECACBB23AE670B00BD3E83 /* EssentialFeed.framework */; };
		C9D2028424ABCC9B007B785E /* UIRefreshControl+Helpers.swift in Sources */ = {isa = PBXBuildFile; fileRef = C9D2028324ABCC9B007B785E /* UIRefreshControl+Helpers.swift */; };
		C9D2028724ABCF65007B785E /* FeedPresenterTests.swift in Sources */ = {isa = PBXBuildFile; fileRef = C9D2028624ABCF65007B785E /* FeedPresenterTests.swift */; };
		C9D2029124ABD958007B785E /* FeedPresenter.swift in Sources */ = {isa = PBXBuildFile; fileRef = C9D2029024ABD958007B785E /* FeedPresenter.swift */; };
		C9D2029224ABDA44007B785E /* Feed.strings in Resources */ = {isa = PBXBuildFile; fileRef = C9D2028C24ABD7C8007B785E /* Feed.strings */; };
		C9D2029424ABDA81007B785E /* FeedErrorViewModel.swift in Sources */ = {isa = PBXBuildFile; fileRef = C9D2029324ABDA81007B785E /* FeedErrorViewModel.swift */; };
		C9D2029624ABDA9F007B785E /* FeedLoadingViewModel.swift in Sources */ = {isa = PBXBuildFile; fileRef = C9D2029524ABDA9F007B785E /* FeedLoadingViewModel.swift */; };
		C9D2029824ABDAB5007B785E /* FeedViewModel.swift in Sources */ = {isa = PBXBuildFile; fileRef = C9D2029724ABDAB5007B785E /* FeedViewModel.swift */; };
		C9D2029924ABDBEC007B785E /* FeedLocalizationTests.swift in Sources */ = {isa = PBXBuildFile; fileRef = C988695C24A8EA9A004C01F8 /* FeedLocalizationTests.swift */; };
		C9D2029A24ABDC83007B785E /* FeedImageViewModel.swift in Sources */ = {isa = PBXBuildFile; fileRef = C9F2567E24A7BDC0006FD874 /* FeedImageViewModel.swift */; };
		C9D2029B24ABDC83007B785E /* FeedImagePresenter.swift in Sources */ = {isa = PBXBuildFile; fileRef = C988693424A7FAA5004C01F8 /* FeedImagePresenter.swift */; };
		C9E3111624279A6900847BB0 /* XCTestCase+MemoryLeakTrackingHelper.swift in Sources */ = {isa = PBXBuildFile; fileRef = C993BCF623B13BCE0060DAB8 /* XCTestCase+MemoryLeakTrackingHelper.swift */; };
		C9E3111724279E6F00847BB0 /* FeedCacheTestHelpers.swift in Sources */ = {isa = PBXBuildFile; fileRef = C9F0912423B4FBA5007648F4 /* FeedCacheTestHelpers.swift */; };
		C9E3111824279E8A00847BB0 /* ShareTestHelpers.swift in Sources */ = {isa = PBXBuildFile; fileRef = C9F0912623B4FCA3007648F4 /* ShareTestHelpers.swift */; };
		C9ECACC523AE670C00BD3E83 /* EssentialFeed.framework in Frameworks */ = {isa = PBXBuildFile; fileRef = C9ECACBB23AE670B00BD3E83 /* EssentialFeed.framework */; };
		C9ECACD623AE687400BD3E83 /* FeedImage.swift in Sources */ = {isa = PBXBuildFile; fileRef = C9ECACD523AE687400BD3E83 /* FeedImage.swift */; };
		C9ECACD823AE690700BD3E83 /* FeedLoader.swift in Sources */ = {isa = PBXBuildFile; fileRef = C9ECACD723AE690700BD3E83 /* FeedLoader.swift */; };
		C9ECACDB23AE734C00BD3E83 /* LoadFeedFromRemoteUseCaseTests.swift in Sources */ = {isa = PBXBuildFile; fileRef = C9ECACDA23AE734C00BD3E83 /* LoadFeedFromRemoteUseCaseTests.swift */; };
		C9ECACDE23AF880700BD3E83 /* RemoteFeedLoader.swift in Sources */ = {isa = PBXBuildFile; fileRef = C9ECACDD23AF880700BD3E83 /* RemoteFeedLoader.swift */; };
		C9F0910523B23DF3007648F4 /* EssentialFeedAPIEndToEndTests.swift in Sources */ = {isa = PBXBuildFile; fileRef = C9F0910423B23DF3007648F4 /* EssentialFeedAPIEndToEndTests.swift */; };
		C9F0910723B23DF3007648F4 /* EssentialFeed.framework in Frameworks */ = {isa = PBXBuildFile; fileRef = C9ECACBB23AE670B00BD3E83 /* EssentialFeed.framework */; };
		C9F0910D23B3795A007648F4 /* XCTestCase+MemoryLeakTrackingHelper.swift in Sources */ = {isa = PBXBuildFile; fileRef = C993BCF623B13BCE0060DAB8 /* XCTestCase+MemoryLeakTrackingHelper.swift */; };
		C9F0911323B38B4C007648F4 /* CacheFeedUserCaseTests.swift in Sources */ = {isa = PBXBuildFile; fileRef = C9F0911223B38B4C007648F4 /* CacheFeedUserCaseTests.swift */; };
		C9F0911623B3B1EB007648F4 /* LocalFeedLoader.swift in Sources */ = {isa = PBXBuildFile; fileRef = C9F0911523B3B1EB007648F4 /* LocalFeedLoader.swift */; };
		C9F0911823B3B24A007648F4 /* FeedStore.swift in Sources */ = {isa = PBXBuildFile; fileRef = C9F0911723B3B24A007648F4 /* FeedStore.swift */; };
		C9F0911A23B3BE8E007648F4 /* RemoteFeedItem.swift in Sources */ = {isa = PBXBuildFile; fileRef = C9F0911923B3BE8E007648F4 /* RemoteFeedItem.swift */; };
		C9F0911C23B3BEC1007648F4 /* LocalFeedImage.swift in Sources */ = {isa = PBXBuildFile; fileRef = C9F0911B23B3BEC1007648F4 /* LocalFeedImage.swift */; };
		C9F0911E23B4D264007648F4 /* LoadFeedFromCacheUseCaseTests.swift in Sources */ = {isa = PBXBuildFile; fileRef = C9F0911D23B4D264007648F4 /* LoadFeedFromCacheUseCaseTests.swift */; };
		C9F0912123B4D415007648F4 /* FeedStoreSpy.swift in Sources */ = {isa = PBXBuildFile; fileRef = C9F0912023B4D415007648F4 /* FeedStoreSpy.swift */; };
		C9F0912323B4F7D1007648F4 /* ValidateFeedCacheUseCaseTests.swift in Sources */ = {isa = PBXBuildFile; fileRef = C9F0912223B4F7D1007648F4 /* ValidateFeedCacheUseCaseTests.swift */; };
		C9F0912523B4FBA5007648F4 /* FeedCacheTestHelpers.swift in Sources */ = {isa = PBXBuildFile; fileRef = C9F0912423B4FBA5007648F4 /* FeedCacheTestHelpers.swift */; };
		C9F0912723B4FCA3007648F4 /* ShareTestHelpers.swift in Sources */ = {isa = PBXBuildFile; fileRef = C9F0912623B4FCA3007648F4 /* ShareTestHelpers.swift */; };
		C9F0912923B50815007648F4 /* FeedCachePolicy.swift in Sources */ = {isa = PBXBuildFile; fileRef = C9F0912823B50815007648F4 /* FeedCachePolicy.swift */; };
		C9F3C38624B8FAFC00F0F466 /* FeedImageDataStoreSpy.swift in Sources */ = {isa = PBXBuildFile; fileRef = C9F3C38524B8FAFC00F0F466 /* FeedImageDataStoreSpy.swift */; };
		C9F3C38824B8FC6F00F0F466 /* CacheFeedImageDataUseCaseTests.swift in Sources */ = {isa = PBXBuildFile; fileRef = C9F3C38724B8FC6F00F0F466 /* CacheFeedImageDataUseCaseTests.swift */; };
		C9F3C38A24B9B74200F0F466 /* CoreDataFeedImageDataStoreTests.swift in Sources */ = {isa = PBXBuildFile; fileRef = C9F3C38924B9B74200F0F466 /* CoreDataFeedImageDataStoreTests.swift */; };
		C9F3C38D24B9C3C700F0F466 /* CoreDataFeedStore+FeedImageDataLoader.swift in Sources */ = {isa = PBXBuildFile; fileRef = C9F3C38C24B9C3C700F0F466 /* CoreDataFeedStore+FeedImageDataLoader.swift */; };
		C9F3C38F24B9CE9B00F0F466 /* CoreDataFeedStore+FeedStore.swift in Sources */ = {isa = PBXBuildFile; fileRef = C9F3C38E24B9CE9B00F0F466 /* CoreDataFeedStore+FeedStore.swift */; };
		C9F772ED2479AA11006272D3 /* EssentialFeediOS.framework in Frameworks */ = {isa = PBXBuildFile; fileRef = C9F772E42479AA10006272D3 /* EssentialFeediOS.framework */; };
		C9FDF17823B14EB800FEE34B /* URLSessionHTTPClient.swift in Sources */ = {isa = PBXBuildFile; fileRef = C9FDF17723B14EB800FEE34B /* URLSessionHTTPClient.swift */; };
/* End PBXBuildFile section */

/* Begin PBXContainerItemProxy section */
		C930DD0A24A3EDD300E2E922 /* PBXContainerItemProxy */ = {
			isa = PBXContainerItemProxy;
			containerPortal = C9ECACB223AE670B00BD3E83 /* Project object */;
			proxyType = 1;
			remoteGlobalIDString = C9ECACBA23AE670B00BD3E83;
			remoteInfo = EssentialFeed;
		};
		C9C8D0372427973200BF34E0 /* PBXContainerItemProxy */ = {
			isa = PBXContainerItemProxy;
			containerPortal = C9ECACB223AE670B00BD3E83 /* Project object */;
			proxyType = 1;
			remoteGlobalIDString = C9ECACBA23AE670B00BD3E83;
			remoteInfo = EssentialFeed;
		};
		C9ECACC623AE670C00BD3E83 /* PBXContainerItemProxy */ = {
			isa = PBXContainerItemProxy;
			containerPortal = C9ECACB223AE670B00BD3E83 /* Project object */;
			proxyType = 1;
			remoteGlobalIDString = C9ECACBA23AE670B00BD3E83;
			remoteInfo = EssentialFeed;
		};
		C9F0910823B23DF3007648F4 /* PBXContainerItemProxy */ = {
			isa = PBXContainerItemProxy;
			containerPortal = C9ECACB223AE670B00BD3E83 /* Project object */;
			proxyType = 1;
			remoteGlobalIDString = C9ECACBA23AE670B00BD3E83;
			remoteInfo = EssentialFeed;
		};
		C9F772EE2479AA11006272D3 /* PBXContainerItemProxy */ = {
			isa = PBXContainerItemProxy;
			containerPortal = C9ECACB223AE670B00BD3E83 /* Project object */;
			proxyType = 1;
			remoteGlobalIDString = C9F772E32479AA10006272D3;
			remoteInfo = EssentialFeediOS;
		};
/* End PBXContainerItemProxy section */

/* Begin PBXCopyFilesBuildPhase section */
		C930DD0C24A3EDD300E2E922 /* Embed Frameworks */ = {
			isa = PBXCopyFilesBuildPhase;
			buildActionMask = 2147483647;
			dstPath = "";
			dstSubfolderSpec = 10;
			files = (
				C930DD0924A3EDD300E2E922 /* EssentialFeed.framework in Embed Frameworks */,
			);
			name = "Embed Frameworks";
			runOnlyForDeploymentPostprocessing = 0;
		};
/* End PBXCopyFilesBuildPhase section */

/* Begin PBXFileReference section */
		C9278B8A24B79F580078784C /* LocalFeedImageDataFromCacheUseCaseTests.swift */ = {isa = PBXFileReference; lastKnownFileType = sourcecode.swift; path = LocalFeedImageDataFromCacheUseCaseTests.swift; sourceTree = "<group>"; };
		C930DD0524A3EAC400E2E922 /* FeedUIIntegrationTests.swift */ = {isa = PBXFileReference; lastKnownFileType = sourcecode.swift; path = FeedUIIntegrationTests.swift; sourceTree = "<group>"; };
		C930DD0E24A3FA0600E2E922 /* FeedTableViewController.swift */ = {isa = PBXFileReference; lastKnownFileType = sourcecode.swift; path = FeedTableViewController.swift; sourceTree = "<group>"; };
		C97C0F3623B8F57E00EDF0B6 /* FeedStoreTestSpecs.swift */ = {isa = PBXFileReference; lastKnownFileType = sourcecode.swift; path = FeedStoreTestSpecs.swift; sourceTree = "<group>"; };
		C97C0F3923B8FA5700EDF0B6 /* XCTestCase+FeedStoreTestSpecs.swift */ = {isa = PBXFileReference; lastKnownFileType = sourcecode.swift; path = "XCTestCase+FeedStoreTestSpecs.swift"; sourceTree = "<group>"; };
		C97C0F3B23B9010F00EDF0B6 /* XCTestCase+FailableRetrieveFeedStoreTestSpecs.swift */ = {isa = PBXFileReference; lastKnownFileType = sourcecode.swift; path = "XCTestCase+FailableRetrieveFeedStoreTestSpecs.swift"; sourceTree = "<group>"; };
		C97C0F3D23B9026E00EDF0B6 /* XCTestCase+FailableInsertFeedStoreTestSpecs.swift */ = {isa = PBXFileReference; lastKnownFileType = sourcecode.swift; path = "XCTestCase+FailableInsertFeedStoreTestSpecs.swift"; sourceTree = "<group>"; };
		C97C0F3F23B9038600EDF0B6 /* XCTestCase+FailableDeleteFeedStoreTestSpecs.swift */ = {isa = PBXFileReference; lastKnownFileType = sourcecode.swift; path = "XCTestCase+FailableDeleteFeedStoreTestSpecs.swift"; sourceTree = "<group>"; };
		C97DCE5C24AD070D00B15F76 /* LoadFeedImageDataFromRemoteUseCaseTests.swift */ = {isa = PBXFileReference; lastKnownFileType = sourcecode.swift; path = LoadFeedImageDataFromRemoteUseCaseTests.swift; sourceTree = "<group>"; };
		C980835324A935D800941C21 /* MainQueueDispatchDecorator.swift */ = {isa = PBXFileReference; lastKnownFileType = sourcecode.swift; path = MainQueueDispatchDecorator.swift; sourceTree = "<group>"; };
		C980835D24A937C100941C21 /* WeakReferenceVirtualProxy.swift */ = {isa = PBXFileReference; lastKnownFileType = sourcecode.swift; path = WeakReferenceVirtualProxy.swift; sourceTree = "<group>"; };
		C980835F24A9381300941C21 /* FeedLoaderPresentationAdapter.swift */ = {isa = PBXFileReference; lastKnownFileType = sourcecode.swift; path = FeedLoaderPresentationAdapter.swift; sourceTree = "<group>"; };
		C980836124A938CC00941C21 /* FeedImageDataLoaderPresentationAdapter.swift */ = {isa = PBXFileReference; lastKnownFileType = sourcecode.swift; path = FeedImageDataLoaderPresentationAdapter.swift; sourceTree = "<group>"; };
		C980836324A9390E00941C21 /* FeedViewAdapter.swift */ = {isa = PBXFileReference; lastKnownFileType = sourcecode.swift; path = FeedViewAdapter.swift; sourceTree = "<group>"; };
		C980836A24A946D900941C21 /* UIControl+TestHelpers.swift */ = {isa = PBXFileReference; lastKnownFileType = sourcecode.swift; path = "UIControl+TestHelpers.swift"; sourceTree = "<group>"; };
		C988692324A5334B004C01F8 /* FeedImageTableViewCell.swift */ = {isa = PBXFileReference; lastKnownFileType = sourcecode.swift; path = FeedImageTableViewCell.swift; sourceTree = "<group>"; };
		C988692524A54F55004C01F8 /* UIView+Shimmering.swift */ = {isa = PBXFileReference; lastKnownFileType = sourcecode.swift; path = "UIView+Shimmering.swift"; sourceTree = "<group>"; };
		C988692724A79446004C01F8 /* FeedImageDataLoader.swift */ = {isa = PBXFileReference; lastKnownFileType = sourcecode.swift; path = FeedImageDataLoader.swift; sourceTree = "<group>"; };
		C988692F24A79AD2004C01F8 /* FeedImageCellController.swift */ = {isa = PBXFileReference; lastKnownFileType = sourcecode.swift; path = FeedImageCellController.swift; sourceTree = "<group>"; };
		C988693224A79E5A004C01F8 /* FeedUIComposer.swift */ = {isa = PBXFileReference; lastKnownFileType = sourcecode.swift; path = FeedUIComposer.swift; sourceTree = "<group>"; };
		C988693424A7FAA5004C01F8 /* FeedImagePresenter.swift */ = {isa = PBXFileReference; lastKnownFileType = sourcecode.swift; path = FeedImagePresenter.swift; sourceTree = "<group>"; };
		C988693A24A8C169004C01F8 /* Feed.storyboard */ = {isa = PBXFileReference; lastKnownFileType = file.storyboard; path = Feed.storyboard; sourceTree = "<group>"; };
		C988693C24A8C1D4004C01F8 /* Feed.xcassets */ = {isa = PBXFileReference; lastKnownFileType = folder.assetcatalog; path = Feed.xcassets; sourceTree = "<group>"; };
		C988693E24A8CD39004C01F8 /* UITableView+Dequeueing.swift */ = {isa = PBXFileReference; lastKnownFileType = sourcecode.swift; path = "UITableView+Dequeueing.swift"; sourceTree = "<group>"; };
		C988694024A8D4A4004C01F8 /* UIImageView+Animations.swift */ = {isa = PBXFileReference; lastKnownFileType = sourcecode.swift; path = "UIImageView+Animations.swift"; sourceTree = "<group>"; };
		C988694424A8E195004C01F8 /* FeedUIIntegrationTests+Localization.swift */ = {isa = PBXFileReference; lastKnownFileType = sourcecode.swift; path = "FeedUIIntegrationTests+Localization.swift"; sourceTree = "<group>"; };
		C988694824A8E32C004C01F8 /* UIImage+TestHelpers.swift */ = {isa = PBXFileReference; lastKnownFileType = sourcecode.swift; path = "UIImage+TestHelpers.swift"; sourceTree = "<group>"; };
		C988694A24A8E39F004C01F8 /* UIRefreshControl+TestHelpers.swift */ = {isa = PBXFileReference; lastKnownFileType = sourcecode.swift; path = "UIRefreshControl+TestHelpers.swift"; sourceTree = "<group>"; };
		C988694C24A8E3C8004C01F8 /* UIButton+TestHelpers.swift */ = {isa = PBXFileReference; lastKnownFileType = sourcecode.swift; path = "UIButton+TestHelpers.swift"; sourceTree = "<group>"; };
		C988694E24A8E402004C01F8 /* FeedTableViewCell+TestHelpers.swift */ = {isa = PBXFileReference; lastKnownFileType = sourcecode.swift; path = "FeedTableViewCell+TestHelpers.swift"; sourceTree = "<group>"; };
		C988695024A8E432004C01F8 /* FeedTableViewController+TestHelpers.swift */ = {isa = PBXFileReference; lastKnownFileType = sourcecode.swift; path = "FeedTableViewController+TestHelpers.swift"; sourceTree = "<group>"; };
		C988695224A8E4A4004C01F8 /* FeedUIIntegrationTest+LoaderSpy.swift */ = {isa = PBXFileReference; lastKnownFileType = sourcecode.swift; path = "FeedUIIntegrationTest+LoaderSpy.swift"; sourceTree = "<group>"; };
		C988695424A8E592004C01F8 /* FeedUIIntegrationTests+Assertions.swift */ = {isa = PBXFileReference; lastKnownFileType = sourcecode.swift; path = "FeedUIIntegrationTests+Assertions.swift"; sourceTree = "<group>"; };
		C988695C24A8EA9A004C01F8 /* FeedLocalizationTests.swift */ = {isa = PBXFileReference; lastKnownFileType = sourcecode.swift; path = FeedLocalizationTests.swift; sourceTree = "<group>"; };
		C993BCEE23B0E2CD0060DAB8 /* HTTPClient.swift */ = {isa = PBXFileReference; lastKnownFileType = sourcecode.swift; path = HTTPClient.swift; sourceTree = "<group>"; };
		C993BCF023B0E30D0060DAB8 /* FeedItemsMapper.swift */ = {isa = PBXFileReference; lastKnownFileType = sourcecode.swift; path = FeedItemsMapper.swift; sourceTree = "<group>"; };
		C993BCF323B106270060DAB8 /* URLSessionHTTPClientTests.swift */ = {isa = PBXFileReference; lastKnownFileType = sourcecode.swift; path = URLSessionHTTPClientTests.swift; sourceTree = "<group>"; };
		C993BCF623B13BCE0060DAB8 /* XCTestCase+MemoryLeakTrackingHelper.swift */ = {isa = PBXFileReference; lastKnownFileType = sourcecode.swift; path = "XCTestCase+MemoryLeakTrackingHelper.swift"; sourceTree = "<group>"; };
		C9B1A6FB24B769C900997611 /* HTTPClientSpy.swift */ = {isa = PBXFileReference; lastKnownFileType = sourcecode.swift; path = HTTPClientSpy.swift; sourceTree = "<group>"; };
		C9B1A6FD24B76B9400997611 /* RemoteFeedImageDataLoader.swift */ = {isa = PBXFileReference; lastKnownFileType = sourcecode.swift; path = RemoteFeedImageDataLoader.swift; sourceTree = "<group>"; };
		C9B1A70024B7745800997611 /* HTTPURLResponse+StatusCode.swift */ = {isa = PBXFileReference; lastKnownFileType = sourcecode.swift; path = "HTTPURLResponse+StatusCode.swift"; sourceTree = "<group>"; };
		C9B1A70224B7758F00997611 /* URLProtocolStub.swift */ = {isa = PBXFileReference; lastKnownFileType = sourcecode.swift; path = URLProtocolStub.swift; sourceTree = "<group>"; };
		C9B1A70424B7C4DB00997611 /* FeedImageDataStore.swift */ = {isa = PBXFileReference; lastKnownFileType = sourcecode.swift; path = FeedImageDataStore.swift; sourceTree = "<group>"; };
		C9B1A70624B7C51900997611 /* LocalFeedImageDataLoader.swift */ = {isa = PBXFileReference; lastKnownFileType = sourcecode.swift; path = LocalFeedImageDataLoader.swift; sourceTree = "<group>"; };
		C9C549FE24ABC7E200D272D7 /* ErrorView.swift */ = {isa = PBXFileReference; lastKnownFileType = sourcecode.swift; path = ErrorView.swift; sourceTree = "<group>"; };
		C9C8D0202427688900BF34E0 /* ManagedCache.swift */ = {isa = PBXFileReference; fileEncoding = 4; lastKnownFileType = sourcecode.swift; path = ManagedCache.swift; sourceTree = "<group>"; };
		C9C8D0212427688900BF34E0 /* CoreDataFeedStore.swift */ = {isa = PBXFileReference; fileEncoding = 4; lastKnownFileType = sourcecode.swift; path = CoreDataFeedStore.swift; sourceTree = "<group>"; };
		C9C8D0222427688900BF34E0 /* CoreDataHelpers.swift */ = {isa = PBXFileReference; fileEncoding = 4; lastKnownFileType = sourcecode.swift; path = CoreDataHelpers.swift; sourceTree = "<group>"; };
		C9C8D0232427688900BF34E0 /* ManagedFeedImage.swift */ = {isa = PBXFileReference; fileEncoding = 4; lastKnownFileType = sourcecode.swift; path = ManagedFeedImage.swift; sourceTree = "<group>"; };
		C9C8D0252427688900BF34E0 /* CoreDataFeedStore.xcdatamodel */ = {isa = PBXFileReference; lastKnownFileType = wrapper.xcdatamodel; path = CoreDataFeedStore.xcdatamodel; sourceTree = "<group>"; };
		C9C8D02B2427912D00BF34E0 /* CoreDataFeedStoreTests.swift */ = {isa = PBXFileReference; fileEncoding = 4; lastKnownFileType = sourcecode.swift; path = CoreDataFeedStoreTests.swift; sourceTree = "<group>"; };
		C9C8D0312427973200BF34E0 /* EssentialFeedCacheIntegrationTests.xctest */ = {isa = PBXFileReference; explicitFileType = wrapper.cfbundle; includeInIndex = 0; path = EssentialFeedCacheIntegrationTests.xctest; sourceTree = BUILT_PRODUCTS_DIR; };
		C9C8D0332427973200BF34E0 /* EssentialFeedCacheIntegrationTests.swift */ = {isa = PBXFileReference; lastKnownFileType = sourcecode.swift; path = EssentialFeedCacheIntegrationTests.swift; sourceTree = "<group>"; };
		C9C8D0352427973200BF34E0 /* Info.plist */ = {isa = PBXFileReference; lastKnownFileType = text.plist.xml; path = Info.plist; sourceTree = "<group>"; };
		C9D2028324ABCC9B007B785E /* UIRefreshControl+Helpers.swift */ = {isa = PBXFileReference; lastKnownFileType = sourcecode.swift; path = "UIRefreshControl+Helpers.swift"; sourceTree = "<group>"; };
		C9D2028624ABCF65007B785E /* FeedPresenterTests.swift */ = {isa = PBXFileReference; lastKnownFileType = sourcecode.swift; path = FeedPresenterTests.swift; sourceTree = "<group>"; };
		C9D2028B24ABD7C8007B785E /* en */ = {isa = PBXFileReference; lastKnownFileType = text.plist.strings; name = en; path = en.lproj/Feed.strings; sourceTree = "<group>"; };
		C9D2028D24ABD7CD007B785E /* el */ = {isa = PBXFileReference; lastKnownFileType = text.plist.strings; name = el; path = el.lproj/Feed.strings; sourceTree = "<group>"; };
		C9D2028E24ABD7CE007B785E /* pt-BR */ = {isa = PBXFileReference; lastKnownFileType = text.plist.strings; name = "pt-BR"; path = "pt-BR.lproj/Feed.strings"; sourceTree = "<group>"; };
		C9D2029024ABD958007B785E /* FeedPresenter.swift */ = {isa = PBXFileReference; lastKnownFileType = sourcecode.swift; path = FeedPresenter.swift; sourceTree = "<group>"; };
		C9D2029324ABDA81007B785E /* FeedErrorViewModel.swift */ = {isa = PBXFileReference; lastKnownFileType = sourcecode.swift; path = FeedErrorViewModel.swift; sourceTree = "<group>"; };
		C9D2029524ABDA9F007B785E /* FeedLoadingViewModel.swift */ = {isa = PBXFileReference; lastKnownFileType = sourcecode.swift; path = FeedLoadingViewModel.swift; sourceTree = "<group>"; };
		C9D2029724ABDAB5007B785E /* FeedViewModel.swift */ = {isa = PBXFileReference; lastKnownFileType = sourcecode.swift; path = FeedViewModel.swift; sourceTree = "<group>"; };
		C9ECACBB23AE670B00BD3E83 /* EssentialFeed.framework */ = {isa = PBXFileReference; explicitFileType = wrapper.framework; includeInIndex = 0; path = EssentialFeed.framework; sourceTree = BUILT_PRODUCTS_DIR; };
		C9ECACBF23AE670B00BD3E83 /* Info.plist */ = {isa = PBXFileReference; lastKnownFileType = text.plist.xml; path = Info.plist; sourceTree = "<group>"; };
		C9ECACC423AE670C00BD3E83 /* EssentialFeedTests.xctest */ = {isa = PBXFileReference; explicitFileType = wrapper.cfbundle; includeInIndex = 0; path = EssentialFeedTests.xctest; sourceTree = BUILT_PRODUCTS_DIR; };
		C9ECACCB23AE670C00BD3E83 /* Info.plist */ = {isa = PBXFileReference; lastKnownFileType = text.plist.xml; path = Info.plist; sourceTree = "<group>"; };
		C9ECACD523AE687400BD3E83 /* FeedImage.swift */ = {isa = PBXFileReference; lastKnownFileType = sourcecode.swift; path = FeedImage.swift; sourceTree = "<group>"; };
		C9ECACD723AE690700BD3E83 /* FeedLoader.swift */ = {isa = PBXFileReference; lastKnownFileType = sourcecode.swift; path = FeedLoader.swift; sourceTree = "<group>"; };
		C9ECACDA23AE734C00BD3E83 /* LoadFeedFromRemoteUseCaseTests.swift */ = {isa = PBXFileReference; lastKnownFileType = sourcecode.swift; path = LoadFeedFromRemoteUseCaseTests.swift; sourceTree = "<group>"; };
		C9ECACDD23AF880700BD3E83 /* RemoteFeedLoader.swift */ = {isa = PBXFileReference; lastKnownFileType = sourcecode.swift; path = RemoteFeedLoader.swift; sourceTree = "<group>"; };
		C9F0910223B23DF3007648F4 /* EssentialFeedAPIEndToEndTests.xctest */ = {isa = PBXFileReference; explicitFileType = wrapper.cfbundle; includeInIndex = 0; path = EssentialFeedAPIEndToEndTests.xctest; sourceTree = BUILT_PRODUCTS_DIR; };
		C9F0910423B23DF3007648F4 /* EssentialFeedAPIEndToEndTests.swift */ = {isa = PBXFileReference; lastKnownFileType = sourcecode.swift; path = EssentialFeedAPIEndToEndTests.swift; sourceTree = "<group>"; };
		C9F0910623B23DF3007648F4 /* Info.plist */ = {isa = PBXFileReference; lastKnownFileType = text.plist.xml; path = Info.plist; sourceTree = "<group>"; };
		C9F0911223B38B4C007648F4 /* CacheFeedUserCaseTests.swift */ = {isa = PBXFileReference; lastKnownFileType = sourcecode.swift; path = CacheFeedUserCaseTests.swift; sourceTree = "<group>"; };
		C9F0911523B3B1EB007648F4 /* LocalFeedLoader.swift */ = {isa = PBXFileReference; lastKnownFileType = sourcecode.swift; path = LocalFeedLoader.swift; sourceTree = "<group>"; };
		C9F0911723B3B24A007648F4 /* FeedStore.swift */ = {isa = PBXFileReference; lastKnownFileType = sourcecode.swift; path = FeedStore.swift; sourceTree = "<group>"; };
		C9F0911923B3BE8E007648F4 /* RemoteFeedItem.swift */ = {isa = PBXFileReference; lastKnownFileType = sourcecode.swift; path = RemoteFeedItem.swift; sourceTree = "<group>"; };
		C9F0911B23B3BEC1007648F4 /* LocalFeedImage.swift */ = {isa = PBXFileReference; lastKnownFileType = sourcecode.swift; path = LocalFeedImage.swift; sourceTree = "<group>"; };
		C9F0911D23B4D264007648F4 /* LoadFeedFromCacheUseCaseTests.swift */ = {isa = PBXFileReference; lastKnownFileType = sourcecode.swift; path = LoadFeedFromCacheUseCaseTests.swift; sourceTree = "<group>"; };
		C9F0912023B4D415007648F4 /* FeedStoreSpy.swift */ = {isa = PBXFileReference; lastKnownFileType = sourcecode.swift; path = FeedStoreSpy.swift; sourceTree = "<group>"; };
		C9F0912223B4F7D1007648F4 /* ValidateFeedCacheUseCaseTests.swift */ = {isa = PBXFileReference; lastKnownFileType = sourcecode.swift; path = ValidateFeedCacheUseCaseTests.swift; sourceTree = "<group>"; };
		C9F0912423B4FBA5007648F4 /* FeedCacheTestHelpers.swift */ = {isa = PBXFileReference; lastKnownFileType = sourcecode.swift; path = FeedCacheTestHelpers.swift; sourceTree = "<group>"; };
		C9F0912623B4FCA3007648F4 /* ShareTestHelpers.swift */ = {isa = PBXFileReference; lastKnownFileType = sourcecode.swift; path = ShareTestHelpers.swift; sourceTree = "<group>"; };
		C9F0912823B50815007648F4 /* FeedCachePolicy.swift */ = {isa = PBXFileReference; lastKnownFileType = sourcecode.swift; path = FeedCachePolicy.swift; sourceTree = "<group>"; };
		C9F2567E24A7BDC0006FD874 /* FeedImageViewModel.swift */ = {isa = PBXFileReference; lastKnownFileType = sourcecode.swift; path = FeedImageViewModel.swift; sourceTree = "<group>"; };
		C9F3C38524B8FAFC00F0F466 /* FeedImageDataStoreSpy.swift */ = {isa = PBXFileReference; lastKnownFileType = sourcecode.swift; path = FeedImageDataStoreSpy.swift; sourceTree = "<group>"; };
		C9F3C38724B8FC6F00F0F466 /* CacheFeedImageDataUseCaseTests.swift */ = {isa = PBXFileReference; lastKnownFileType = sourcecode.swift; path = CacheFeedImageDataUseCaseTests.swift; sourceTree = "<group>"; };
		C9F3C38924B9B74200F0F466 /* CoreDataFeedImageDataStoreTests.swift */ = {isa = PBXFileReference; lastKnownFileType = sourcecode.swift; path = CoreDataFeedImageDataStoreTests.swift; sourceTree = "<group>"; };
		C9F3C38B24B9C03B00F0F466 /* CoreDataFeedStore2.xcdatamodel */ = {isa = PBXFileReference; lastKnownFileType = wrapper.xcdatamodel; path = CoreDataFeedStore2.xcdatamodel; sourceTree = "<group>"; };
		C9F3C38C24B9C3C700F0F466 /* CoreDataFeedStore+FeedImageDataLoader.swift */ = {isa = PBXFileReference; lastKnownFileType = sourcecode.swift; path = "CoreDataFeedStore+FeedImageDataLoader.swift"; sourceTree = "<group>"; };
		C9F3C38E24B9CE9B00F0F466 /* CoreDataFeedStore+FeedStore.swift */ = {isa = PBXFileReference; lastKnownFileType = sourcecode.swift; path = "CoreDataFeedStore+FeedStore.swift"; sourceTree = "<group>"; };
		C9F772E42479AA10006272D3 /* EssentialFeediOS.framework */ = {isa = PBXFileReference; explicitFileType = wrapper.framework; includeInIndex = 0; path = EssentialFeediOS.framework; sourceTree = BUILT_PRODUCTS_DIR; };
		C9F772E72479AA10006272D3 /* Info.plist */ = {isa = PBXFileReference; lastKnownFileType = text.plist.xml; path = Info.plist; sourceTree = "<group>"; };
		C9F772EC2479AA11006272D3 /* EssentialFeediOSTests.xctest */ = {isa = PBXFileReference; explicitFileType = wrapper.cfbundle; includeInIndex = 0; path = EssentialFeediOSTests.xctest; sourceTree = BUILT_PRODUCTS_DIR; };
		C9F772F32479AA11006272D3 /* Info.plist */ = {isa = PBXFileReference; lastKnownFileType = text.plist.xml; path = Info.plist; sourceTree = "<group>"; };
		C9FDF17723B14EB800FEE34B /* URLSessionHTTPClient.swift */ = {isa = PBXFileReference; lastKnownFileType = sourcecode.swift; path = URLSessionHTTPClient.swift; sourceTree = "<group>"; };
/* End PBXFileReference section */

/* Begin PBXFrameworksBuildPhase section */
		C9C8D02E2427973200BF34E0 /* Frameworks */ = {
			isa = PBXFrameworksBuildPhase;
			buildActionMask = 2147483647;
			files = (
				C9C8D0362427973200BF34E0 /* EssentialFeed.framework in Frameworks */,
			);
			runOnlyForDeploymentPostprocessing = 0;
		};
		C9ECACB823AE670B00BD3E83 /* Frameworks */ = {
			isa = PBXFrameworksBuildPhase;
			buildActionMask = 2147483647;
			files = (
			);
			runOnlyForDeploymentPostprocessing = 0;
		};
		C9ECACC123AE670C00BD3E83 /* Frameworks */ = {
			isa = PBXFrameworksBuildPhase;
			buildActionMask = 2147483647;
			files = (
				C9ECACC523AE670C00BD3E83 /* EssentialFeed.framework in Frameworks */,
			);
			runOnlyForDeploymentPostprocessing = 0;
		};
		C9F090FF23B23DF3007648F4 /* Frameworks */ = {
			isa = PBXFrameworksBuildPhase;
			buildActionMask = 2147483647;
			files = (
				C9F0910723B23DF3007648F4 /* EssentialFeed.framework in Frameworks */,
			);
			runOnlyForDeploymentPostprocessing = 0;
		};
		C9F772E12479AA10006272D3 /* Frameworks */ = {
			isa = PBXFrameworksBuildPhase;
			buildActionMask = 2147483647;
			files = (
				C930DD0824A3EDD300E2E922 /* EssentialFeed.framework in Frameworks */,
			);
			runOnlyForDeploymentPostprocessing = 0;
		};
		C9F772E92479AA11006272D3 /* Frameworks */ = {
			isa = PBXFrameworksBuildPhase;
			buildActionMask = 2147483647;
			files = (
				C9F772ED2479AA11006272D3 /* EssentialFeediOS.framework in Frameworks */,
			);
			runOnlyForDeploymentPostprocessing = 0;
		};
/* End PBXFrameworksBuildPhase section */

/* Begin PBXGroup section */
		C930DD0724A3EDD300E2E922 /* Frameworks */ = {
			isa = PBXGroup;
			children = (
			);
			name = Frameworks;
			sourceTree = "<group>";
		};
		C97C0F4123B9042900EDF0B6 /* FeedStoreTestSpecs */ = {
			isa = PBXGroup;
			children = (
				C97C0F4223B9048500EDF0B6 /* Helpers */,
				C9C8D02B2427912D00BF34E0 /* CoreDataFeedStoreTests.swift */,
				C97C0F3623B8F57E00EDF0B6 /* FeedStoreTestSpecs.swift */,
			);
			path = FeedStoreTestSpecs;
			sourceTree = "<group>";
		};
		C97C0F4223B9048500EDF0B6 /* Helpers */ = {
			isa = PBXGroup;
			children = (
				C97C0F3D23B9026E00EDF0B6 /* XCTestCase+FailableInsertFeedStoreTestSpecs.swift */,
				C97C0F3B23B9010F00EDF0B6 /* XCTestCase+FailableRetrieveFeedStoreTestSpecs.swift */,
				C97C0F3F23B9038600EDF0B6 /* XCTestCase+FailableDeleteFeedStoreTestSpecs.swift */,
				C97C0F3923B8FA5700EDF0B6 /* XCTestCase+FeedStoreTestSpecs.swift */,
			);
			path = Helpers;
			sourceTree = "<group>";
		};
		C988692924A79467004C01F8 /* FeedUI */ = {
			isa = PBXGroup;
			children = (
				C988693124A79E4A004C01F8 /* Composers */,
				C988692B24A79482004C01F8 /* Controllers */,
				C988692C24A7948B004C01F8 /* Views */,
			);
			path = FeedUI;
			sourceTree = "<group>";
		};
		C988692B24A79482004C01F8 /* Controllers */ = {
			isa = PBXGroup;
			children = (
				C930DD0E24A3FA0600E2E922 /* FeedTableViewController.swift */,
				C988692F24A79AD2004C01F8 /* FeedImageCellController.swift */,
			);
			path = Controllers;
			sourceTree = "<group>";
		};
		C988692C24A7948B004C01F8 /* Views */ = {
			isa = PBXGroup;
			children = (
				C9D2028024ABCBAE007B785E /* Helpers */,
				C988692324A5334B004C01F8 /* FeedImageTableViewCell.swift */,
				C988693A24A8C169004C01F8 /* Feed.storyboard */,
				C988693C24A8C1D4004C01F8 /* Feed.xcassets */,
				C9C549FE24ABC7E200D272D7 /* ErrorView.swift */,
			);
			path = Views;
			sourceTree = "<group>";
		};
		C988693124A79E4A004C01F8 /* Composers */ = {
			isa = PBXGroup;
			children = (
				C988693224A79E5A004C01F8 /* FeedUIComposer.swift */,
				C980835324A935D800941C21 /* MainQueueDispatchDecorator.swift */,
				C980835D24A937C100941C21 /* WeakReferenceVirtualProxy.swift */,
				C980835F24A9381300941C21 /* FeedLoaderPresentationAdapter.swift */,
				C980836124A938CC00941C21 /* FeedImageDataLoaderPresentationAdapter.swift */,
				C980836324A9390E00941C21 /* FeedViewAdapter.swift */,
			);
			path = Composers;
			sourceTree = "<group>";
		};
		C988694624A8E244004C01F8 /* FeedUI */ = {
			isa = PBXGroup;
			children = (
				C930DD0524A3EAC400E2E922 /* FeedUIIntegrationTests.swift */,
				C988694724A8E254004C01F8 /* Helpers */,
			);
			path = FeedUI;
			sourceTree = "<group>";
		};
		C988694724A8E254004C01F8 /* Helpers */ = {
			isa = PBXGroup;
			children = (
				C988694E24A8E402004C01F8 /* FeedTableViewCell+TestHelpers.swift */,
				C988695024A8E432004C01F8 /* FeedTableViewController+TestHelpers.swift */,
				C988695224A8E4A4004C01F8 /* FeedUIIntegrationTest+LoaderSpy.swift */,
				C988695424A8E592004C01F8 /* FeedUIIntegrationTests+Assertions.swift */,
				C988694424A8E195004C01F8 /* FeedUIIntegrationTests+Localization.swift */,
				C988694C24A8E3C8004C01F8 /* UIButton+TestHelpers.swift */,
				C988694824A8E32C004C01F8 /* UIImage+TestHelpers.swift */,
				C988694A24A8E39F004C01F8 /* UIRefreshControl+TestHelpers.swift */,
				C980836A24A946D900941C21 /* UIControl+TestHelpers.swift */,
			);
			path = Helpers;
			sourceTree = "<group>";
		};
		C993BCF223B0E8620060DAB8 /* FeedAPI */ = {
			isa = PBXGroup;
			children = (
				C9B1A6FA24B769B600997611 /* Helpers */,
				C9ECACDA23AE734C00BD3E83 /* LoadFeedFromRemoteUseCaseTests.swift */,
				C993BCF323B106270060DAB8 /* URLSessionHTTPClientTests.swift */,
				C97DCE5C24AD070D00B15F76 /* LoadFeedImageDataFromRemoteUseCaseTests.swift */,
			);
			path = FeedAPI;
			sourceTree = "<group>";
		};
		C993BCF523B13BAD0060DAB8 /* Helpers */ = {
			isa = PBXGroup;
			children = (
				C993BCF623B13BCE0060DAB8 /* XCTestCase+MemoryLeakTrackingHelper.swift */,
				C9F0912623B4FCA3007648F4 /* ShareTestHelpers.swift */,
			);
			path = Helpers;
			sourceTree = "<group>";
		};
		C9B1A6FA24B769B600997611 /* Helpers */ = {
			isa = PBXGroup;
			children = (
				C9B1A6FB24B769C900997611 /* HTTPClientSpy.swift */,
				C9B1A70224B7758F00997611 /* URLProtocolStub.swift */,
			);
			path = Helpers;
			sourceTree = "<group>";
		};
		C9B1A6FF24B7744200997611 /* Helpers */ = {
			isa = PBXGroup;
			children = (
				C9B1A70024B7745800997611 /* HTTPURLResponse+StatusCode.swift */,
			);
			path = Helpers;
			sourceTree = "<group>";
		};
		C9C8D01E2427683900BF34E0 /* Infrastructure */ = {
			isa = PBXGroup;
			children = (
				C9C8D01F2427684800BF34E0 /* CoreData */,
			);
			path = Infrastructure;
			sourceTree = "<group>";
		};
		C9C8D01F2427684800BF34E0 /* CoreData */ = {
			isa = PBXGroup;
			children = (
				C9C8D0212427688900BF34E0 /* CoreDataFeedStore.swift */,
				C9C8D0242427688900BF34E0 /* CoreDataFeedStore.xcdatamodeld */,
				C9C8D0222427688900BF34E0 /* CoreDataHelpers.swift */,
				C9C8D0202427688900BF34E0 /* ManagedCache.swift */,
				C9C8D0232427688900BF34E0 /* ManagedFeedImage.swift */,
				C9F3C38C24B9C3C700F0F466 /* CoreDataFeedStore+FeedImageDataLoader.swift */,
				C9F3C38E24B9CE9B00F0F466 /* CoreDataFeedStore+FeedStore.swift */,
			);
			path = CoreData;
			sourceTree = "<group>";
		};
		C9C8D0322427973200BF34E0 /* EssentialFeedCacheIntegrationTests */ = {
			isa = PBXGroup;
			children = (
				C9C8D0332427973200BF34E0 /* EssentialFeedCacheIntegrationTests.swift */,
				C9C8D0352427973200BF34E0 /* Info.plist */,
			);
			path = EssentialFeedCacheIntegrationTests;
			sourceTree = "<group>";
		};
		C9D2028024ABCBAE007B785E /* Helpers */ = {
			isa = PBXGroup;
			children = (
				C988692524A54F55004C01F8 /* UIView+Shimmering.swift */,
				C988693E24A8CD39004C01F8 /* UITableView+Dequeueing.swift */,
				C988694024A8D4A4004C01F8 /* UIImageView+Animations.swift */,
				C9D2028324ABCC9B007B785E /* UIRefreshControl+Helpers.swift */,
			);
			path = Helpers;
			sourceTree = "<group>";
		};
		C9D2028524ABCF2E007B785E /* FeedPresentation */ = {
			isa = PBXGroup;
			children = (
				C988695C24A8EA9A004C01F8 /* FeedLocalizationTests.swift */,
				C9D2028624ABCF65007B785E /* FeedPresenterTests.swift */,
			);
			path = FeedPresentation;
			sourceTree = "<group>";
		};
		C9D2028F24ABD941007B785E /* FeedPresentation */ = {
			isa = PBXGroup;
			children = (
				C9F2567E24A7BDC0006FD874 /* FeedImageViewModel.swift */,
				C988693424A7FAA5004C01F8 /* FeedImagePresenter.swift */,
				C9D2029024ABD958007B785E /* FeedPresenter.swift */,
				C9D2028C24ABD7C8007B785E /* Feed.strings */,
				C9D2029324ABDA81007B785E /* FeedErrorViewModel.swift */,
				C9D2029524ABDA9F007B785E /* FeedLoadingViewModel.swift */,
				C9D2029724ABDAB5007B785E /* FeedViewModel.swift */,
			);
			path = FeedPresentation;
			sourceTree = "<group>";
		};
		C9ECACB123AE670B00BD3E83 = {
			isa = PBXGroup;
			children = (
				C9ECACBD23AE670B00BD3E83 /* EssentialFeed */,
				C9ECACC823AE670C00BD3E83 /* EssentialFeedTests */,
				C9F0910323B23DF3007648F4 /* EssentialFeedAPIEndToEndTests */,
				C9C8D0322427973200BF34E0 /* EssentialFeedCacheIntegrationTests */,
				C9F772E52479AA10006272D3 /* EssentialFeediOS */,
				C9F772F02479AA11006272D3 /* EssentialFeediOSTests */,
				C9ECACBC23AE670B00BD3E83 /* Products */,
				C930DD0724A3EDD300E2E922 /* Frameworks */,
			);
			sourceTree = "<group>";
		};
		C9ECACBC23AE670B00BD3E83 /* Products */ = {
			isa = PBXGroup;
			children = (
				C9ECACBB23AE670B00BD3E83 /* EssentialFeed.framework */,
				C9ECACC423AE670C00BD3E83 /* EssentialFeedTests.xctest */,
				C9F0910223B23DF3007648F4 /* EssentialFeedAPIEndToEndTests.xctest */,
				C9C8D0312427973200BF34E0 /* EssentialFeedCacheIntegrationTests.xctest */,
				C9F772E42479AA10006272D3 /* EssentialFeediOS.framework */,
				C9F772EC2479AA11006272D3 /* EssentialFeediOSTests.xctest */,
			);
			name = Products;
			sourceTree = "<group>";
		};
		C9ECACBD23AE670B00BD3E83 /* EssentialFeed */ = {
			isa = PBXGroup;
			children = (
				C9D2028F24ABD941007B785E /* FeedPresentation */,
				C9F0911423B3B1DB007648F4 /* FeedCache */,
				C9ECACDC23AF87E900BD3E83 /* FeedAPI */,
				C9ECACBF23AE670B00BD3E83 /* Info.plist */,
				C9ECACD923AE69D300BD3E83 /* FeedFeature */,
			);
			path = EssentialFeed;
			sourceTree = "<group>";
		};
		C9ECACC823AE670C00BD3E83 /* EssentialFeedTests */ = {
			isa = PBXGroup;
			children = (
				C993BCF223B0E8620060DAB8 /* FeedAPI */,
				C9F0910F23B38A40007648F4 /* FeedCache */,
				C9D2028524ABCF2E007B785E /* FeedPresentation */,
				C993BCF523B13BAD0060DAB8 /* Helpers */,
				C9ECACCB23AE670C00BD3E83 /* Info.plist */,
			);
			path = EssentialFeedTests;
			sourceTree = "<group>";
		};
		C9ECACD923AE69D300BD3E83 /* FeedFeature */ = {
			isa = PBXGroup;
			children = (
				C988692724A79446004C01F8 /* FeedImageDataLoader.swift */,
				C9ECACD523AE687400BD3E83 /* FeedImage.swift */,
				C9ECACD723AE690700BD3E83 /* FeedLoader.swift */,
			);
			path = FeedFeature;
			sourceTree = "<group>";
		};
		C9ECACDC23AF87E900BD3E83 /* FeedAPI */ = {
			isa = PBXGroup;
			children = (
				C9B1A6FF24B7744200997611 /* Helpers */,
				C9ECACDD23AF880700BD3E83 /* RemoteFeedLoader.swift */,
				C993BCEE23B0E2CD0060DAB8 /* HTTPClient.swift */,
				C993BCF023B0E30D0060DAB8 /* FeedItemsMapper.swift */,
				C9FDF17723B14EB800FEE34B /* URLSessionHTTPClient.swift */,
				C9F0911923B3BE8E007648F4 /* RemoteFeedItem.swift */,
				C9B1A6FD24B76B9400997611 /* RemoteFeedImageDataLoader.swift */,
			);
			path = FeedAPI;
			sourceTree = "<group>";
		};
		C9F0910323B23DF3007648F4 /* EssentialFeedAPIEndToEndTests */ = {
			isa = PBXGroup;
			children = (
				C9F0910423B23DF3007648F4 /* EssentialFeedAPIEndToEndTests.swift */,
				C9F0910623B23DF3007648F4 /* Info.plist */,
			);
			path = EssentialFeedAPIEndToEndTests;
			sourceTree = "<group>";
		};
		C9F0910F23B38A40007648F4 /* FeedCache */ = {
			isa = PBXGroup;
			children = (
				C9F0911F23B4D3FD007648F4 /* Helpers */,
				C97C0F4123B9042900EDF0B6 /* FeedStoreTestSpecs */,
				C9F0911223B38B4C007648F4 /* CacheFeedUserCaseTests.swift */,
				C9F0911D23B4D264007648F4 /* LoadFeedFromCacheUseCaseTests.swift */,
				C9F0912223B4F7D1007648F4 /* ValidateFeedCacheUseCaseTests.swift */,
				C9278B8A24B79F580078784C /* LocalFeedImageDataFromCacheUseCaseTests.swift */,
				C9F3C38724B8FC6F00F0F466 /* CacheFeedImageDataUseCaseTests.swift */,
				C9F3C38924B9B74200F0F466 /* CoreDataFeedImageDataStoreTests.swift */,
			);
			path = FeedCache;
			sourceTree = "<group>";
		};
		C9F0911423B3B1DB007648F4 /* FeedCache */ = {
			isa = PBXGroup;
			children = (
				C9C8D01E2427683900BF34E0 /* Infrastructure */,
				C9F0911523B3B1EB007648F4 /* LocalFeedLoader.swift */,
				C9F0911723B3B24A007648F4 /* FeedStore.swift */,
				C9F0911B23B3BEC1007648F4 /* LocalFeedImage.swift */,
				C9F0912823B50815007648F4 /* FeedCachePolicy.swift */,
				C9B1A70424B7C4DB00997611 /* FeedImageDataStore.swift */,
				C9B1A70624B7C51900997611 /* LocalFeedImageDataLoader.swift */,
			);
			path = FeedCache;
			sourceTree = "<group>";
		};
		C9F0911F23B4D3FD007648F4 /* Helpers */ = {
			isa = PBXGroup;
			children = (
				C9F0912023B4D415007648F4 /* FeedStoreSpy.swift */,
				C9F0912423B4FBA5007648F4 /* FeedCacheTestHelpers.swift */,
				C9F3C38524B8FAFC00F0F466 /* FeedImageDataStoreSpy.swift */,
			);
			path = Helpers;
			sourceTree = "<group>";
		};
		C9F772E52479AA10006272D3 /* EssentialFeediOS */ = {
			isa = PBXGroup;
			children = (
				C988692924A79467004C01F8 /* FeedUI */,
				C9F772E72479AA10006272D3 /* Info.plist */,
			);
			path = EssentialFeediOS;
			sourceTree = "<group>";
		};
		C9F772F02479AA11006272D3 /* EssentialFeediOSTests */ = {
			isa = PBXGroup;
			children = (
				C988694624A8E244004C01F8 /* FeedUI */,
				C9F772F32479AA11006272D3 /* Info.plist */,
			);
			path = EssentialFeediOSTests;
			sourceTree = "<group>";
		};
/* End PBXGroup section */

/* Begin PBXHeadersBuildPhase section */
		C9ECACB623AE670B00BD3E83 /* Headers */ = {
			isa = PBXHeadersBuildPhase;
			buildActionMask = 2147483647;
			files = (
			);
			runOnlyForDeploymentPostprocessing = 0;
		};
		C9F772DF2479AA10006272D3 /* Headers */ = {
			isa = PBXHeadersBuildPhase;
			buildActionMask = 2147483647;
			files = (
			);
			runOnlyForDeploymentPostprocessing = 0;
		};
/* End PBXHeadersBuildPhase section */

/* Begin PBXNativeTarget section */
		C9C8D0302427973200BF34E0 /* EssentialFeedCacheIntegrationTests */ = {
			isa = PBXNativeTarget;
			buildConfigurationList = C9C8D0392427973200BF34E0 /* Build configuration list for PBXNativeTarget "EssentialFeedCacheIntegrationTests" */;
			buildPhases = (
				C9C8D02D2427973200BF34E0 /* Sources */,
				C9C8D02E2427973200BF34E0 /* Frameworks */,
				C9C8D02F2427973200BF34E0 /* Resources */,
			);
			buildRules = (
			);
			dependencies = (
				C9C8D0382427973200BF34E0 /* PBXTargetDependency */,
			);
			name = EssentialFeedCacheIntegrationTests;
			productName = EssentialFeedCacheIntegrationTests;
			productReference = C9C8D0312427973200BF34E0 /* EssentialFeedCacheIntegrationTests.xctest */;
			productType = "com.apple.product-type.bundle.unit-test";
		};
		C9ECACBA23AE670B00BD3E83 /* EssentialFeed */ = {
			isa = PBXNativeTarget;
			buildConfigurationList = C9ECACCF23AE670C00BD3E83 /* Build configuration list for PBXNativeTarget "EssentialFeed" */;
			buildPhases = (
				C9ECACB623AE670B00BD3E83 /* Headers */,
				C9ECACB723AE670B00BD3E83 /* Sources */,
				C9ECACB823AE670B00BD3E83 /* Frameworks */,
				C9ECACB923AE670B00BD3E83 /* Resources */,
			);
			buildRules = (
			);
			dependencies = (
			);
			name = EssentialFeed;
			productName = EssentialFeed;
			productReference = C9ECACBB23AE670B00BD3E83 /* EssentialFeed.framework */;
			productType = "com.apple.product-type.framework";
		};
		C9ECACC323AE670C00BD3E83 /* EssentialFeedTests */ = {
			isa = PBXNativeTarget;
			buildConfigurationList = C9ECACD223AE670C00BD3E83 /* Build configuration list for PBXNativeTarget "EssentialFeedTests" */;
			buildPhases = (
				C9ECACC023AE670C00BD3E83 /* Sources */,
				C9ECACC123AE670C00BD3E83 /* Frameworks */,
				C9ECACC223AE670C00BD3E83 /* Resources */,
			);
			buildRules = (
			);
			dependencies = (
				C9ECACC723AE670C00BD3E83 /* PBXTargetDependency */,
			);
			name = EssentialFeedTests;
			productName = EssentialFeedTests;
			productReference = C9ECACC423AE670C00BD3E83 /* EssentialFeedTests.xctest */;
			productType = "com.apple.product-type.bundle.unit-test";
		};
		C9F0910123B23DF3007648F4 /* EssentialFeedAPIEndToEndTests */ = {
			isa = PBXNativeTarget;
			buildConfigurationList = C9F0910A23B23DF3007648F4 /* Build configuration list for PBXNativeTarget "EssentialFeedAPIEndToEndTests" */;
			buildPhases = (
				C9F090FE23B23DF3007648F4 /* Sources */,
				C9F090FF23B23DF3007648F4 /* Frameworks */,
				C9F0910023B23DF3007648F4 /* Resources */,
			);
			buildRules = (
			);
			dependencies = (
				C9F0910923B23DF3007648F4 /* PBXTargetDependency */,
			);
			name = EssentialFeedAPIEndToEndTests;
			productName = EssentialFeedAPIEndToEndTests;
			productReference = C9F0910223B23DF3007648F4 /* EssentialFeedAPIEndToEndTests.xctest */;
			productType = "com.apple.product-type.bundle.unit-test";
		};
		C9F772E32479AA10006272D3 /* EssentialFeediOS */ = {
			isa = PBXNativeTarget;
			buildConfigurationList = C9F772F92479AA11006272D3 /* Build configuration list for PBXNativeTarget "EssentialFeediOS" */;
			buildPhases = (
				C9F772DF2479AA10006272D3 /* Headers */,
				C9F772E02479AA10006272D3 /* Sources */,
				C9F772E12479AA10006272D3 /* Frameworks */,
				C9F772E22479AA10006272D3 /* Resources */,
				C930DD0C24A3EDD300E2E922 /* Embed Frameworks */,
			);
			buildRules = (
			);
			dependencies = (
				C930DD0B24A3EDD300E2E922 /* PBXTargetDependency */,
			);
			name = EssentialFeediOS;
			productName = EssentialFeediOS;
			productReference = C9F772E42479AA10006272D3 /* EssentialFeediOS.framework */;
			productType = "com.apple.product-type.framework";
		};
		C9F772EB2479AA11006272D3 /* EssentialFeediOSTests */ = {
			isa = PBXNativeTarget;
			buildConfigurationList = C9F772FA2479AA11006272D3 /* Build configuration list for PBXNativeTarget "EssentialFeediOSTests" */;
			buildPhases = (
				C9F772E82479AA11006272D3 /* Sources */,
				C9F772E92479AA11006272D3 /* Frameworks */,
				C9F772EA2479AA11006272D3 /* Resources */,
			);
			buildRules = (
			);
			dependencies = (
				C9F772EF2479AA11006272D3 /* PBXTargetDependency */,
			);
			name = EssentialFeediOSTests;
			productName = EssentialFeediOSTests;
			productReference = C9F772EC2479AA11006272D3 /* EssentialFeediOSTests.xctest */;
			productType = "com.apple.product-type.bundle.unit-test";
		};
/* End PBXNativeTarget section */

/* Begin PBXProject section */
		C9ECACB223AE670B00BD3E83 /* Project object */ = {
			isa = PBXProject;
			attributes = {
				LastSwiftUpdateCheck = 1150;
				LastUpgradeCheck = 1130;
				ORGANIZATIONNAME = "Raphael Silva";
				TargetAttributes = {
					C9C8D0302427973200BF34E0 = {
						CreatedOnToolsVersion = 11.3.1;
					};
					C9ECACBA23AE670B00BD3E83 = {
						CreatedOnToolsVersion = 11.3;
						LastSwiftMigration = 1130;
					};
					C9ECACC323AE670C00BD3E83 = {
						CreatedOnToolsVersion = 11.3;
					};
					C9F0910123B23DF3007648F4 = {
						CreatedOnToolsVersion = 11.3;
					};
					C9F772E32479AA10006272D3 = {
						CreatedOnToolsVersion = 11.5;
						LastSwiftMigration = 1150;
					};
					C9F772EB2479AA11006272D3 = {
						CreatedOnToolsVersion = 11.5;
						LastSwiftMigration = 1150;
					};
				};
			};
			buildConfigurationList = C9ECACB523AE670B00BD3E83 /* Build configuration list for PBXProject "EssentialFeed" */;
			compatibilityVersion = "Xcode 9.3";
			developmentRegion = en;
			hasScannedForEncodings = 0;
			knownRegions = (
				en,
				Base,
				"pt-BR",
				el,
			);
			mainGroup = C9ECACB123AE670B00BD3E83;
			productRefGroup = C9ECACBC23AE670B00BD3E83 /* Products */;
			projectDirPath = "";
			projectRoot = "";
			targets = (
				C9ECACBA23AE670B00BD3E83 /* EssentialFeed */,
				C9ECACC323AE670C00BD3E83 /* EssentialFeedTests */,
				C9F0910123B23DF3007648F4 /* EssentialFeedAPIEndToEndTests */,
				C9C8D0302427973200BF34E0 /* EssentialFeedCacheIntegrationTests */,
				C9F772E32479AA10006272D3 /* EssentialFeediOS */,
				C9F772EB2479AA11006272D3 /* EssentialFeediOSTests */,
			);
		};
/* End PBXProject section */

/* Begin PBXResourcesBuildPhase section */
		C9C8D02F2427973200BF34E0 /* Resources */ = {
			isa = PBXResourcesBuildPhase;
			buildActionMask = 2147483647;
			files = (
			);
			runOnlyForDeploymentPostprocessing = 0;
		};
		C9ECACB923AE670B00BD3E83 /* Resources */ = {
			isa = PBXResourcesBuildPhase;
			buildActionMask = 2147483647;
			files = (
				C9D2029224ABDA44007B785E /* Feed.strings in Resources */,
			);
			runOnlyForDeploymentPostprocessing = 0;
		};
		C9ECACC223AE670C00BD3E83 /* Resources */ = {
			isa = PBXResourcesBuildPhase;
			buildActionMask = 2147483647;
			files = (
			);
			runOnlyForDeploymentPostprocessing = 0;
		};
		C9F0910023B23DF3007648F4 /* Resources */ = {
			isa = PBXResourcesBuildPhase;
			buildActionMask = 2147483647;
			files = (
			);
			runOnlyForDeploymentPostprocessing = 0;
		};
		C9F772E22479AA10006272D3 /* Resources */ = {
			isa = PBXResourcesBuildPhase;
			buildActionMask = 2147483647;
			files = (
				C988693B24A8C169004C01F8 /* Feed.storyboard in Resources */,
				C988693D24A8C1D4004C01F8 /* Feed.xcassets in Resources */,
			);
			runOnlyForDeploymentPostprocessing = 0;
		};
		C9F772EA2479AA11006272D3 /* Resources */ = {
			isa = PBXResourcesBuildPhase;
			buildActionMask = 2147483647;
			files = (
			);
			runOnlyForDeploymentPostprocessing = 0;
		};
/* End PBXResourcesBuildPhase section */

/* Begin PBXSourcesBuildPhase section */
		C9C8D02D2427973200BF34E0 /* Sources */ = {
			isa = PBXSourcesBuildPhase;
			buildActionMask = 2147483647;
			files = (
				C9C8D0342427973200BF34E0 /* EssentialFeedCacheIntegrationTests.swift in Sources */,
				C9E3111724279E6F00847BB0 /* FeedCacheTestHelpers.swift in Sources */,
				C9E3111624279A6900847BB0 /* XCTestCase+MemoryLeakTrackingHelper.swift in Sources */,
				C9E3111824279E8A00847BB0 /* ShareTestHelpers.swift in Sources */,
			);
			runOnlyForDeploymentPostprocessing = 0;
		};
		C9ECACB723AE670B00BD3E83 /* Sources */ = {
			isa = PBXSourcesBuildPhase;
			buildActionMask = 2147483647;
			files = (
				C9C8D0282427688900BF34E0 /* CoreDataHelpers.swift in Sources */,
				C993BCF123B0E30D0060DAB8 /* FeedItemsMapper.swift in Sources */,
				C9ECACD823AE690700BD3E83 /* FeedLoader.swift in Sources */,
				C9F0911A23B3BE8E007648F4 /* RemoteFeedItem.swift in Sources */,
				C9C8D0262427688900BF34E0 /* ManagedCache.swift in Sources */,
				C9C8D0292427688900BF34E0 /* ManagedFeedImage.swift in Sources */,
				C9B1A6FE24B76B9400997611 /* RemoteFeedImageDataLoader.swift in Sources */,
				C9D2029B24ABDC83007B785E /* FeedImagePresenter.swift in Sources */,
				C9F0912923B50815007648F4 /* FeedCachePolicy.swift in Sources */,
				C9ECACDE23AF880700BD3E83 /* RemoteFeedLoader.swift in Sources */,
				C9F3C38F24B9CE9B00F0F466 /* CoreDataFeedStore+FeedStore.swift in Sources */,
				C9C8D0272427688900BF34E0 /* CoreDataFeedStore.swift in Sources */,
				C9D2029424ABDA81007B785E /* FeedErrorViewModel.swift in Sources */,
				C9D2029824ABDAB5007B785E /* FeedViewModel.swift in Sources */,
				C9F0911C23B3BEC1007648F4 /* LocalFeedImage.swift in Sources */,
				C9F0911823B3B24A007648F4 /* FeedStore.swift in Sources */,
				C9B1A70524B7C4DB00997611 /* FeedImageDataStore.swift in Sources */,
				C9F0911623B3B1EB007648F4 /* LocalFeedLoader.swift in Sources */,
				C9D2029A24ABDC83007B785E /* FeedImageViewModel.swift in Sources */,
				C9B1A70124B7745800997611 /* HTTPURLResponse+StatusCode.swift in Sources */,
				C9D2029124ABD958007B785E /* FeedPresenter.swift in Sources */,
				C993BCEF23B0E2CD0060DAB8 /* HTTPClient.swift in Sources */,
				C9C8D02A2427688900BF34E0 /* CoreDataFeedStore.xcdatamodeld in Sources */,
				C97DCE5B24AD03D300B15F76 /* FeedImageDataLoader.swift in Sources */,
				C9ECACD623AE687400BD3E83 /* FeedImage.swift in Sources */,
				C9B1A70724B7C51900997611 /* LocalFeedImageDataLoader.swift in Sources */,
				C9F3C38D24B9C3C700F0F466 /* CoreDataFeedStore+FeedImageDataLoader.swift in Sources */,
				C9D2029624ABDA9F007B785E /* FeedLoadingViewModel.swift in Sources */,
				C9FDF17823B14EB800FEE34B /* URLSessionHTTPClient.swift in Sources */,
			);
			runOnlyForDeploymentPostprocessing = 0;
		};
		C9ECACC023AE670C00BD3E83 /* Sources */ = {
			isa = PBXSourcesBuildPhase;
			buildActionMask = 2147483647;
			files = (
				C9278B8B24B79F580078784C /* LocalFeedImageDataFromCacheUseCaseTests.swift in Sources */,
				C9F0912523B4FBA5007648F4 /* FeedCacheTestHelpers.swift in Sources */,
				C97C0F4023B9038600EDF0B6 /* XCTestCase+FailableDeleteFeedStoreTestSpecs.swift in Sources */,
				C9D2028724ABCF65007B785E /* FeedPresenterTests.swift in Sources */,
				C9F3C38A24B9B74200F0F466 /* CoreDataFeedImageDataStoreTests.swift in Sources */,
				C97C0F3723B8F57E00EDF0B6 /* FeedStoreTestSpecs.swift in Sources */,
				C97DCE5D24AD070D00B15F76 /* LoadFeedImageDataFromRemoteUseCaseTests.swift in Sources */,
				C9B1A6FC24B769C900997611 /* HTTPClientSpy.swift in Sources */,
				C9F0912323B4F7D1007648F4 /* ValidateFeedCacheUseCaseTests.swift in Sources */,
				C9F3C38624B8FAFC00F0F466 /* FeedImageDataStoreSpy.swift in Sources */,
				C9D2029924ABDBEC007B785E /* FeedLocalizationTests.swift in Sources */,
				C9ECACDB23AE734C00BD3E83 /* LoadFeedFromRemoteUseCaseTests.swift in Sources */,
				C97C0F3C23B9010F00EDF0B6 /* XCTestCase+FailableRetrieveFeedStoreTestSpecs.swift in Sources */,
				C9F0911323B38B4C007648F4 /* CacheFeedUserCaseTests.swift in Sources */,
				C9F0912723B4FCA3007648F4 /* ShareTestHelpers.swift in Sources */,
				C9F0912123B4D415007648F4 /* FeedStoreSpy.swift in Sources */,
				C993BCF723B13BCE0060DAB8 /* XCTestCase+MemoryLeakTrackingHelper.swift in Sources */,
				C97C0F3E23B9026E00EDF0B6 /* XCTestCase+FailableInsertFeedStoreTestSpecs.swift in Sources */,
				C9F0911E23B4D264007648F4 /* LoadFeedFromCacheUseCaseTests.swift in Sources */,
				C9F3C38824B8FC6F00F0F466 /* CacheFeedImageDataUseCaseTests.swift in Sources */,
				C993BCF423B106270060DAB8 /* URLSessionHTTPClientTests.swift in Sources */,
				C97C0F3A23B8FA5700EDF0B6 /* XCTestCase+FeedStoreTestSpecs.swift in Sources */,
				C9C8D02C2427912D00BF34E0 /* CoreDataFeedStoreTests.swift in Sources */,
				C9B1A70324B7758F00997611 /* URLProtocolStub.swift in Sources */,
			);
			runOnlyForDeploymentPostprocessing = 0;
		};
		C9F090FE23B23DF3007648F4 /* Sources */ = {
			isa = PBXSourcesBuildPhase;
			buildActionMask = 2147483647;
			files = (
				C9F0910523B23DF3007648F4 /* EssentialFeedAPIEndToEndTests.swift in Sources */,
				C9F0910D23B3795A007648F4 /* XCTestCase+MemoryLeakTrackingHelper.swift in Sources */,
			);
			runOnlyForDeploymentPostprocessing = 0;
		};
		C9F772E02479AA10006272D3 /* Sources */ = {
			isa = PBXSourcesBuildPhase;
			buildActionMask = 2147483647;
			files = (
				C980836024A9381300941C21 /* FeedLoaderPresentationAdapter.swift in Sources */,
				C9C549FF24ABC7E200D272D7 /* ErrorView.swift in Sources */,
				C9D2028424ABCC9B007B785E /* UIRefreshControl+Helpers.swift in Sources */,
				C988693F24A8CD39004C01F8 /* UITableView+Dequeueing.swift in Sources */,
				C988692624A54F55004C01F8 /* UIView+Shimmering.swift in Sources */,
				C988694124A8D4A4004C01F8 /* UIImageView+Animations.swift in Sources */,
				C980835424A935D800941C21 /* MainQueueDispatchDecorator.swift in Sources */,
				C930DD0F24A3FA0600E2E922 /* FeedTableViewController.swift in Sources */,
				C988692424A5334B004C01F8 /* FeedImageTableViewCell.swift in Sources */,
				C980836224A938CC00941C21 /* FeedImageDataLoaderPresentationAdapter.swift in Sources */,
				C988693024A79AD2004C01F8 /* FeedImageCellController.swift in Sources */,
				C980835E24A937C100941C21 /* WeakReferenceVirtualProxy.swift in Sources */,
				C980836424A9390E00941C21 /* FeedViewAdapter.swift in Sources */,
				C988693324A79E5A004C01F8 /* FeedUIComposer.swift in Sources */,
			);
			runOnlyForDeploymentPostprocessing = 0;
		};
		C9F772E82479AA11006272D3 /* Sources */ = {
			isa = PBXSourcesBuildPhase;
			buildActionMask = 2147483647;
			files = (
				C930DD0624A3EAC400E2E922 /* FeedUIIntegrationTests.swift in Sources */,
				C988694B24A8E39F004C01F8 /* UIRefreshControl+TestHelpers.swift in Sources */,
				C930DD0D24A3EEF000E2E922 /* XCTestCase+MemoryLeakTrackingHelper.swift in Sources */,
				C980836B24A946D900941C21 /* UIControl+TestHelpers.swift in Sources */,
				C988694524A8E195004C01F8 /* FeedUIIntegrationTests+Localization.swift in Sources */,
				C988694924A8E32C004C01F8 /* UIImage+TestHelpers.swift in Sources */,
				C988695124A8E432004C01F8 /* FeedTableViewController+TestHelpers.swift in Sources */,
				C988694F24A8E402004C01F8 /* FeedTableViewCell+TestHelpers.swift in Sources */,
				C988694D24A8E3C8004C01F8 /* UIButton+TestHelpers.swift in Sources */,
				C988695324A8E4A4004C01F8 /* FeedUIIntegrationTest+LoaderSpy.swift in Sources */,
				C988695524A8E592004C01F8 /* FeedUIIntegrationTests+Assertions.swift in Sources */,
			);
			runOnlyForDeploymentPostprocessing = 0;
		};
/* End PBXSourcesBuildPhase section */

/* Begin PBXTargetDependency section */
		C930DD0B24A3EDD300E2E922 /* PBXTargetDependency */ = {
			isa = PBXTargetDependency;
			target = C9ECACBA23AE670B00BD3E83 /* EssentialFeed */;
			targetProxy = C930DD0A24A3EDD300E2E922 /* PBXContainerItemProxy */;
		};
		C9C8D0382427973200BF34E0 /* PBXTargetDependency */ = {
			isa = PBXTargetDependency;
			target = C9ECACBA23AE670B00BD3E83 /* EssentialFeed */;
			targetProxy = C9C8D0372427973200BF34E0 /* PBXContainerItemProxy */;
		};
		C9ECACC723AE670C00BD3E83 /* PBXTargetDependency */ = {
			isa = PBXTargetDependency;
			target = C9ECACBA23AE670B00BD3E83 /* EssentialFeed */;
			targetProxy = C9ECACC623AE670C00BD3E83 /* PBXContainerItemProxy */;
		};
		C9F0910923B23DF3007648F4 /* PBXTargetDependency */ = {
			isa = PBXTargetDependency;
			target = C9ECACBA23AE670B00BD3E83 /* EssentialFeed */;
			targetProxy = C9F0910823B23DF3007648F4 /* PBXContainerItemProxy */;
		};
		C9F772EF2479AA11006272D3 /* PBXTargetDependency */ = {
			isa = PBXTargetDependency;
			target = C9F772E32479AA10006272D3 /* EssentialFeediOS */;
			targetProxy = C9F772EE2479AA11006272D3 /* PBXContainerItemProxy */;
		};
/* End PBXTargetDependency section */

/* Begin PBXVariantGroup section */
		C9D2028C24ABD7C8007B785E /* Feed.strings */ = {
			isa = PBXVariantGroup;
			children = (
				C9D2028B24ABD7C8007B785E /* en */,
				C9D2028D24ABD7CD007B785E /* el */,
				C9D2028E24ABD7CE007B785E /* pt-BR */,
			);
			name = Feed.strings;
			sourceTree = "<group>";
		};
/* End PBXVariantGroup section */

/* Begin XCBuildConfiguration section */
		C9C8D03A2427973200BF34E0 /* Debug */ = {
			isa = XCBuildConfiguration;
			buildSettings = {
				CODE_SIGN_STYLE = Automatic;
				COMBINE_HIDPI_IMAGES = YES;
				DEVELOPMENT_TEAM = UL23FGZPDL;
				INFOPLIST_FILE = EssentialFeedCacheIntegrationTests/Info.plist;
				LD_RUNPATH_SEARCH_PATHS = (
					"$(inherited)",
					"@executable_path/../Frameworks",
					"@loader_path/../Frameworks",
				);
				PRODUCT_BUNDLE_IDENTIFIER = com.peagasilva.EssentialFeedCacheIntegrationTests;
				PRODUCT_NAME = "$(TARGET_NAME)";
				SUPPORTED_PLATFORMS = "macosx iphoneos iphonesimulator";
				SWIFT_VERSION = 5.0;
			};
			name = Debug;
		};
		C9C8D03B2427973200BF34E0 /* Release */ = {
			isa = XCBuildConfiguration;
			buildSettings = {
				CODE_SIGN_STYLE = Automatic;
				COMBINE_HIDPI_IMAGES = YES;
				DEVELOPMENT_TEAM = UL23FGZPDL;
				INFOPLIST_FILE = EssentialFeedCacheIntegrationTests/Info.plist;
				LD_RUNPATH_SEARCH_PATHS = (
					"$(inherited)",
					"@executable_path/../Frameworks",
					"@loader_path/../Frameworks",
				);
				PRODUCT_BUNDLE_IDENTIFIER = com.peagasilva.EssentialFeedCacheIntegrationTests;
				PRODUCT_NAME = "$(TARGET_NAME)";
				SUPPORTED_PLATFORMS = "macosx iphoneos iphonesimulator";
				SWIFT_VERSION = 5.0;
			};
			name = Release;
		};
		C9ECACCD23AE670C00BD3E83 /* Debug */ = {
			isa = XCBuildConfiguration;
			buildSettings = {
				ALWAYS_SEARCH_USER_PATHS = NO;
				CLANG_ANALYZER_LOCALIZABILITY_NONLOCALIZED = YES;
				CLANG_ANALYZER_NONNULL = YES;
				CLANG_ANALYZER_NUMBER_OBJECT_CONVERSION = YES_AGGRESSIVE;
				CLANG_CXX_LANGUAGE_STANDARD = "gnu++14";
				CLANG_CXX_LIBRARY = "libc++";
				CLANG_ENABLE_MODULES = YES;
				CLANG_ENABLE_OBJC_ARC = YES;
				CLANG_ENABLE_OBJC_WEAK = YES;
				CLANG_WARN_BLOCK_CAPTURE_AUTORELEASING = YES;
				CLANG_WARN_BOOL_CONVERSION = YES;
				CLANG_WARN_COMMA = YES;
				CLANG_WARN_CONSTANT_CONVERSION = YES;
				CLANG_WARN_DEPRECATED_OBJC_IMPLEMENTATIONS = YES;
				CLANG_WARN_DIRECT_OBJC_ISA_USAGE = YES_ERROR;
				CLANG_WARN_DOCUMENTATION_COMMENTS = YES;
				CLANG_WARN_EMPTY_BODY = YES;
				CLANG_WARN_ENUM_CONVERSION = YES;
				CLANG_WARN_INFINITE_RECURSION = YES;
				CLANG_WARN_INT_CONVERSION = YES;
				CLANG_WARN_NON_LITERAL_NULL_CONVERSION = YES;
				CLANG_WARN_OBJC_IMPLICIT_RETAIN_SELF = YES;
				CLANG_WARN_OBJC_LITERAL_CONVERSION = YES;
				CLANG_WARN_OBJC_ROOT_CLASS = YES_ERROR;
				CLANG_WARN_RANGE_LOOP_ANALYSIS = YES;
				CLANG_WARN_STRICT_PROTOTYPES = YES;
				CLANG_WARN_SUSPICIOUS_MOVE = YES;
				CLANG_WARN_UNGUARDED_AVAILABILITY = YES_AGGRESSIVE;
				CLANG_WARN_UNREACHABLE_CODE = YES;
				CLANG_WARN__DUPLICATE_METHOD_MATCH = YES;
				COPY_PHASE_STRIP = NO;
				CURRENT_PROJECT_VERSION = 1;
				DEBUG_INFORMATION_FORMAT = dwarf;
				ENABLE_STRICT_OBJC_MSGSEND = YES;
				ENABLE_TESTABILITY = YES;
				GCC_C_LANGUAGE_STANDARD = gnu11;
				GCC_DYNAMIC_NO_PIC = NO;
				GCC_NO_COMMON_BLOCKS = YES;
				GCC_OPTIMIZATION_LEVEL = 0;
				GCC_PREPROCESSOR_DEFINITIONS = (
					"DEBUG=1",
					"$(inherited)",
				);
				GCC_WARN_64_TO_32_BIT_CONVERSION = YES;
				GCC_WARN_ABOUT_RETURN_TYPE = YES_ERROR;
				GCC_WARN_UNDECLARED_SELECTOR = YES;
				GCC_WARN_UNINITIALIZED_AUTOS = YES_AGGRESSIVE;
				GCC_WARN_UNUSED_FUNCTION = YES;
				GCC_WARN_UNUSED_VARIABLE = YES;
				IPHONEOS_DEPLOYMENT_TARGET = 12.0;
				MACOSX_DEPLOYMENT_TARGET = 10.15;
				MTL_ENABLE_DEBUG_INFO = INCLUDE_SOURCE;
				MTL_FAST_MATH = YES;
				ONLY_ACTIVE_ARCH = YES;
				SDKROOT = macosx;
				SWIFT_ACTIVE_COMPILATION_CONDITIONS = DEBUG;
				SWIFT_OPTIMIZATION_LEVEL = "-Onone";
				VERSIONING_SYSTEM = "apple-generic";
				VERSION_INFO_PREFIX = "";
			};
			name = Debug;
		};
		C9ECACCE23AE670C00BD3E83 /* Release */ = {
			isa = XCBuildConfiguration;
			buildSettings = {
				ALWAYS_SEARCH_USER_PATHS = NO;
				CLANG_ANALYZER_LOCALIZABILITY_NONLOCALIZED = YES;
				CLANG_ANALYZER_NONNULL = YES;
				CLANG_ANALYZER_NUMBER_OBJECT_CONVERSION = YES_AGGRESSIVE;
				CLANG_CXX_LANGUAGE_STANDARD = "gnu++14";
				CLANG_CXX_LIBRARY = "libc++";
				CLANG_ENABLE_MODULES = YES;
				CLANG_ENABLE_OBJC_ARC = YES;
				CLANG_ENABLE_OBJC_WEAK = YES;
				CLANG_WARN_BLOCK_CAPTURE_AUTORELEASING = YES;
				CLANG_WARN_BOOL_CONVERSION = YES;
				CLANG_WARN_COMMA = YES;
				CLANG_WARN_CONSTANT_CONVERSION = YES;
				CLANG_WARN_DEPRECATED_OBJC_IMPLEMENTATIONS = YES;
				CLANG_WARN_DIRECT_OBJC_ISA_USAGE = YES_ERROR;
				CLANG_WARN_DOCUMENTATION_COMMENTS = YES;
				CLANG_WARN_EMPTY_BODY = YES;
				CLANG_WARN_ENUM_CONVERSION = YES;
				CLANG_WARN_INFINITE_RECURSION = YES;
				CLANG_WARN_INT_CONVERSION = YES;
				CLANG_WARN_NON_LITERAL_NULL_CONVERSION = YES;
				CLANG_WARN_OBJC_IMPLICIT_RETAIN_SELF = YES;
				CLANG_WARN_OBJC_LITERAL_CONVERSION = YES;
				CLANG_WARN_OBJC_ROOT_CLASS = YES_ERROR;
				CLANG_WARN_RANGE_LOOP_ANALYSIS = YES;
				CLANG_WARN_STRICT_PROTOTYPES = YES;
				CLANG_WARN_SUSPICIOUS_MOVE = YES;
				CLANG_WARN_UNGUARDED_AVAILABILITY = YES_AGGRESSIVE;
				CLANG_WARN_UNREACHABLE_CODE = YES;
				CLANG_WARN__DUPLICATE_METHOD_MATCH = YES;
				COPY_PHASE_STRIP = NO;
				CURRENT_PROJECT_VERSION = 1;
				DEBUG_INFORMATION_FORMAT = "dwarf-with-dsym";
				ENABLE_NS_ASSERTIONS = NO;
				ENABLE_STRICT_OBJC_MSGSEND = YES;
				ENABLE_TESTABILITY = NO;
				GCC_C_LANGUAGE_STANDARD = gnu11;
				GCC_NO_COMMON_BLOCKS = YES;
				GCC_WARN_64_TO_32_BIT_CONVERSION = YES;
				GCC_WARN_ABOUT_RETURN_TYPE = YES_ERROR;
				GCC_WARN_UNDECLARED_SELECTOR = YES;
				GCC_WARN_UNINITIALIZED_AUTOS = YES_AGGRESSIVE;
				GCC_WARN_UNUSED_FUNCTION = YES;
				GCC_WARN_UNUSED_VARIABLE = YES;
				IPHONEOS_DEPLOYMENT_TARGET = 12.0;
				MACOSX_DEPLOYMENT_TARGET = 10.15;
				MTL_ENABLE_DEBUG_INFO = NO;
				MTL_FAST_MATH = YES;
				SDKROOT = macosx;
				SWIFT_COMPILATION_MODE = wholemodule;
				SWIFT_OPTIMIZATION_LEVEL = "-O";
				VERSIONING_SYSTEM = "apple-generic";
				VERSION_INFO_PREFIX = "";
			};
			name = Release;
		};
		C9ECACD023AE670C00BD3E83 /* Debug */ = {
			isa = XCBuildConfiguration;
			buildSettings = {
				CLANG_ENABLE_MODULES = YES;
				CODE_SIGN_STYLE = Automatic;
				COMBINE_HIDPI_IMAGES = YES;
				DEFINES_MODULE = YES;
				DEVELOPMENT_TEAM = UL23FGZPDL;
				DYLIB_COMPATIBILITY_VERSION = 1;
				DYLIB_CURRENT_VERSION = 1;
				DYLIB_INSTALL_NAME_BASE = "@rpath";
				INFOPLIST_FILE = EssentialFeed/Info.plist;
				INSTALL_PATH = "$(LOCAL_LIBRARY_DIR)/Frameworks";
				LD_RUNPATH_SEARCH_PATHS = (
					"$(inherited)",
					"@executable_path/../Frameworks",
					"@loader_path/Frameworks",
				);
				PRODUCT_BUNDLE_IDENTIFIER = com.peagasilva.EssentialFeed;
				PRODUCT_NAME = "$(TARGET_NAME:c99extidentifier)";
				SKIP_INSTALL = YES;
				SUPPORTED_PLATFORMS = "macosx iphonesimulator iphoneos";
				SWIFT_OPTIMIZATION_LEVEL = "-Onone";
				SWIFT_VERSION = 5.0;
			};
			name = Debug;
		};
		C9ECACD123AE670C00BD3E83 /* Release */ = {
			isa = XCBuildConfiguration;
			buildSettings = {
				CLANG_ENABLE_MODULES = YES;
				CODE_SIGN_STYLE = Automatic;
				COMBINE_HIDPI_IMAGES = YES;
				DEFINES_MODULE = YES;
				DEVELOPMENT_TEAM = UL23FGZPDL;
				DYLIB_COMPATIBILITY_VERSION = 1;
				DYLIB_CURRENT_VERSION = 1;
				DYLIB_INSTALL_NAME_BASE = "@rpath";
				INFOPLIST_FILE = EssentialFeed/Info.plist;
				INSTALL_PATH = "$(LOCAL_LIBRARY_DIR)/Frameworks";
				LD_RUNPATH_SEARCH_PATHS = (
					"$(inherited)",
					"@executable_path/../Frameworks",
					"@loader_path/Frameworks",
				);
				PRODUCT_BUNDLE_IDENTIFIER = com.peagasilva.EssentialFeed;
				PRODUCT_NAME = "$(TARGET_NAME:c99extidentifier)";
				SKIP_INSTALL = YES;
				SUPPORTED_PLATFORMS = "macosx iphonesimulator iphoneos";
				SWIFT_VERSION = 5.0;
			};
			name = Release;
		};
		C9ECACD323AE670C00BD3E83 /* Debug */ = {
			isa = XCBuildConfiguration;
			buildSettings = {
				ALWAYS_EMBED_SWIFT_STANDARD_LIBRARIES = YES;
				CODE_SIGN_STYLE = Automatic;
				COMBINE_HIDPI_IMAGES = YES;
				DEVELOPMENT_TEAM = UL23FGZPDL;
				INFOPLIST_FILE = EssentialFeedTests/Info.plist;
				LD_RUNPATH_SEARCH_PATHS = (
					"$(inherited)",
					"@executable_path/../Frameworks",
					"@loader_path/../Frameworks",
				);
				PRODUCT_BUNDLE_IDENTIFIER = com.peagasilva.EssentialFeedTests;
				PRODUCT_NAME = "$(TARGET_NAME)";
				SUPPORTED_PLATFORMS = "macosx iphoneos iphonesimulator";
				SWIFT_VERSION = 5.0;
			};
			name = Debug;
		};
		C9ECACD423AE670C00BD3E83 /* Release */ = {
			isa = XCBuildConfiguration;
			buildSettings = {
				ALWAYS_EMBED_SWIFT_STANDARD_LIBRARIES = YES;
				CODE_SIGN_STYLE = Automatic;
				COMBINE_HIDPI_IMAGES = YES;
				DEVELOPMENT_TEAM = UL23FGZPDL;
				INFOPLIST_FILE = EssentialFeedTests/Info.plist;
				LD_RUNPATH_SEARCH_PATHS = (
					"$(inherited)",
					"@executable_path/../Frameworks",
					"@loader_path/../Frameworks",
				);
				PRODUCT_BUNDLE_IDENTIFIER = com.peagasilva.EssentialFeedTests;
				PRODUCT_NAME = "$(TARGET_NAME)";
				SUPPORTED_PLATFORMS = "macosx iphoneos iphonesimulator";
				SWIFT_VERSION = 5.0;
			};
			name = Release;
		};
		C9F0910B23B23DF3007648F4 /* Debug */ = {
			isa = XCBuildConfiguration;
			buildSettings = {
				CODE_SIGN_STYLE = Automatic;
				COMBINE_HIDPI_IMAGES = YES;
				DEVELOPMENT_TEAM = UL23FGZPDL;
				INFOPLIST_FILE = EssentialFeedAPIEndToEndTests/Info.plist;
				LD_RUNPATH_SEARCH_PATHS = (
					"$(inherited)",
					"@executable_path/../Frameworks",
					"@loader_path/../Frameworks",
				);
				PRODUCT_BUNDLE_IDENTIFIER = com.peagasilva.EssentialFeedAPIEndToEndTests;
				PRODUCT_NAME = "$(TARGET_NAME)";
				SUPPORTED_PLATFORMS = "macosx iphoneos iphonesimulator";
				SWIFT_VERSION = 5.0;
			};
			name = Debug;
		};
		C9F0910C23B23DF3007648F4 /* Release */ = {
			isa = XCBuildConfiguration;
			buildSettings = {
				CODE_SIGN_STYLE = Automatic;
				COMBINE_HIDPI_IMAGES = YES;
				DEVELOPMENT_TEAM = UL23FGZPDL;
				INFOPLIST_FILE = EssentialFeedAPIEndToEndTests/Info.plist;
				LD_RUNPATH_SEARCH_PATHS = (
					"$(inherited)",
					"@executable_path/../Frameworks",
					"@loader_path/../Frameworks",
				);
				PRODUCT_BUNDLE_IDENTIFIER = com.peagasilva.EssentialFeedAPIEndToEndTests;
				PRODUCT_NAME = "$(TARGET_NAME)";
				SUPPORTED_PLATFORMS = "macosx iphoneos iphonesimulator";
				SWIFT_VERSION = 5.0;
			};
			name = Release;
		};
		C9F772F52479AA11006272D3 /* Debug */ = {
			isa = XCBuildConfiguration;
			buildSettings = {
				CLANG_ENABLE_MODULES = YES;
				CODE_SIGN_STYLE = Automatic;
				DEFINES_MODULE = YES;
				DEVELOPMENT_TEAM = UL23FGZPDL;
				DYLIB_COMPATIBILITY_VERSION = 1;
				DYLIB_CURRENT_VERSION = 1;
				DYLIB_INSTALL_NAME_BASE = "@rpath";
				INFOPLIST_FILE = EssentialFeediOS/Info.plist;
				INSTALL_PATH = "$(LOCAL_LIBRARY_DIR)/Frameworks";
				IPHONEOS_DEPLOYMENT_TARGET = 13.5;
				LD_RUNPATH_SEARCH_PATHS = (
					"$(inherited)",
					"@executable_path/Frameworks",
					"@loader_path/Frameworks",
				);
				PRODUCT_BUNDLE_IDENTIFIER = com.peagasilva.EssentialFeediOS;
				PRODUCT_NAME = "$(TARGET_NAME:c99extidentifier)";
				SDKROOT = iphoneos;
				SKIP_INSTALL = YES;
				SUPPORTED_PLATFORMS = "iphonesimulator iphoneos";
				SUPPORTS_MACCATALYST = NO;
				SWIFT_OPTIMIZATION_LEVEL = "-Onone";
				SWIFT_VERSION = 5.0;
				TARGETED_DEVICE_FAMILY = "1,2";
			};
			name = Debug;
		};
		C9F772F62479AA11006272D3 /* Release */ = {
			isa = XCBuildConfiguration;
			buildSettings = {
				CLANG_ENABLE_MODULES = YES;
				CODE_SIGN_STYLE = Automatic;
				DEFINES_MODULE = YES;
				DEVELOPMENT_TEAM = UL23FGZPDL;
				DYLIB_COMPATIBILITY_VERSION = 1;
				DYLIB_CURRENT_VERSION = 1;
				DYLIB_INSTALL_NAME_BASE = "@rpath";
				INFOPLIST_FILE = EssentialFeediOS/Info.plist;
				INSTALL_PATH = "$(LOCAL_LIBRARY_DIR)/Frameworks";
				IPHONEOS_DEPLOYMENT_TARGET = 13.5;
				LD_RUNPATH_SEARCH_PATHS = (
					"$(inherited)",
					"@executable_path/Frameworks",
					"@loader_path/Frameworks",
				);
				PRODUCT_BUNDLE_IDENTIFIER = com.peagasilva.EssentialFeediOS;
				PRODUCT_NAME = "$(TARGET_NAME:c99extidentifier)";
				SDKROOT = iphoneos;
				SKIP_INSTALL = YES;
				SUPPORTED_PLATFORMS = "iphonesimulator iphoneos";
				SUPPORTS_MACCATALYST = NO;
				SWIFT_VERSION = 5.0;
				TARGETED_DEVICE_FAMILY = "1,2";
				VALIDATE_PRODUCT = YES;
			};
			name = Release;
		};
		C9F772F72479AA11006272D3 /* Debug */ = {
			isa = XCBuildConfiguration;
			buildSettings = {
				ALWAYS_EMBED_SWIFT_STANDARD_LIBRARIES = YES;
				CLANG_ENABLE_MODULES = YES;
				CODE_SIGN_STYLE = Automatic;
				DEVELOPMENT_TEAM = UL23FGZPDL;
				INFOPLIST_FILE = EssentialFeediOSTests/Info.plist;
				IPHONEOS_DEPLOYMENT_TARGET = 13.5;
				LD_RUNPATH_SEARCH_PATHS = (
					"$(inherited)",
					"@executable_path/Frameworks",
					"@loader_path/Frameworks",
				);
				PRODUCT_BUNDLE_IDENTIFIER = com.peagasilva.EssentialFeediOSTests;
				PRODUCT_NAME = "$(TARGET_NAME)";
				SDKROOT = iphoneos;
				SWIFT_OPTIMIZATION_LEVEL = "-Onone";
				SWIFT_VERSION = 5.0;
				TARGETED_DEVICE_FAMILY = "1,2";
			};
			name = Debug;
		};
		C9F772F82479AA11006272D3 /* Release */ = {
			isa = XCBuildConfiguration;
			buildSettings = {
				ALWAYS_EMBED_SWIFT_STANDARD_LIBRARIES = YES;
				CLANG_ENABLE_MODULES = YES;
				CODE_SIGN_STYLE = Automatic;
				DEVELOPMENT_TEAM = UL23FGZPDL;
				INFOPLIST_FILE = EssentialFeediOSTests/Info.plist;
				IPHONEOS_DEPLOYMENT_TARGET = 13.5;
				LD_RUNPATH_SEARCH_PATHS = (
					"$(inherited)",
					"@executable_path/Frameworks",
					"@loader_path/Frameworks",
				);
				PRODUCT_BUNDLE_IDENTIFIER = com.peagasilva.EssentialFeediOSTests;
				PRODUCT_NAME = "$(TARGET_NAME)";
				SDKROOT = iphoneos;
				SWIFT_VERSION = 5.0;
				TARGETED_DEVICE_FAMILY = "1,2";
				VALIDATE_PRODUCT = YES;
			};
			name = Release;
		};
/* End XCBuildConfiguration section */

/* Begin XCConfigurationList section */
		C9C8D0392427973200BF34E0 /* Build configuration list for PBXNativeTarget "EssentialFeedCacheIntegrationTests" */ = {
			isa = XCConfigurationList;
			buildConfigurations = (
				C9C8D03A2427973200BF34E0 /* Debug */,
				C9C8D03B2427973200BF34E0 /* Release */,
			);
			defaultConfigurationIsVisible = 0;
			defaultConfigurationName = Release;
		};
		C9ECACB523AE670B00BD3E83 /* Build configuration list for PBXProject "EssentialFeed" */ = {
			isa = XCConfigurationList;
			buildConfigurations = (
				C9ECACCD23AE670C00BD3E83 /* Debug */,
				C9ECACCE23AE670C00BD3E83 /* Release */,
			);
			defaultConfigurationIsVisible = 0;
			defaultConfigurationName = Release;
		};
		C9ECACCF23AE670C00BD3E83 /* Build configuration list for PBXNativeTarget "EssentialFeed" */ = {
			isa = XCConfigurationList;
			buildConfigurations = (
				C9ECACD023AE670C00BD3E83 /* Debug */,
				C9ECACD123AE670C00BD3E83 /* Release */,
			);
			defaultConfigurationIsVisible = 0;
			defaultConfigurationName = Release;
		};
		C9ECACD223AE670C00BD3E83 /* Build configuration list for PBXNativeTarget "EssentialFeedTests" */ = {
			isa = XCConfigurationList;
			buildConfigurations = (
				C9ECACD323AE670C00BD3E83 /* Debug */,
				C9ECACD423AE670C00BD3E83 /* Release */,
			);
			defaultConfigurationIsVisible = 0;
			defaultConfigurationName = Release;
		};
		C9F0910A23B23DF3007648F4 /* Build configuration list for PBXNativeTarget "EssentialFeedAPIEndToEndTests" */ = {
			isa = XCConfigurationList;
			buildConfigurations = (
				C9F0910B23B23DF3007648F4 /* Debug */,
				C9F0910C23B23DF3007648F4 /* Release */,
			);
			defaultConfigurationIsVisible = 0;
			defaultConfigurationName = Release;
		};
		C9F772F92479AA11006272D3 /* Build configuration list for PBXNativeTarget "EssentialFeediOS" */ = {
			isa = XCConfigurationList;
			buildConfigurations = (
				C9F772F52479AA11006272D3 /* Debug */,
				C9F772F62479AA11006272D3 /* Release */,
			);
			defaultConfigurationIsVisible = 0;
			defaultConfigurationName = Release;
		};
		C9F772FA2479AA11006272D3 /* Build configuration list for PBXNativeTarget "EssentialFeediOSTests" */ = {
			isa = XCConfigurationList;
			buildConfigurations = (
				C9F772F72479AA11006272D3 /* Debug */,
				C9F772F82479AA11006272D3 /* Release */,
			);
			defaultConfigurationIsVisible = 0;
			defaultConfigurationName = Release;
		};
/* End XCConfigurationList section */

/* Begin XCVersionGroup section */
		C9C8D0242427688900BF34E0 /* CoreDataFeedStore.xcdatamodeld */ = {
			isa = XCVersionGroup;
			children = (
				C9F3C38B24B9C03B00F0F466 /* CoreDataFeedStore2.xcdatamodel */,
				C9C8D0252427688900BF34E0 /* CoreDataFeedStore.xcdatamodel */,
			);
			currentVersion = C9F3C38B24B9C03B00F0F466 /* CoreDataFeedStore2.xcdatamodel */;
			path = CoreDataFeedStore.xcdatamodeld;
			sourceTree = "<group>";
			versionGroupType = wrapper.xcdatamodel;
		};
/* End XCVersionGroup section */
	};
	rootObject = C9ECACB223AE670B00BD3E83 /* Project object */;
}
